
Microsoft Visual Studio Solution File, Format Version 12.00
# Visual Studio 15
VisualStudioVersion = 15.0.26403.7
MinimumVisualStudioVersion = 10.0.40219.1
Project("{2150E333-8FDC-42A3-9474-1A3956D46DE8}") = "Solution Items", "Solution Items", "{8C768E3C-375F-47A5-B1E9-AE459D1300CB}"
	ProjectSection(SolutionItems) = preProject
		BLTools.vsmdi = BLTools.vsmdi
		Local.testsettings = Local.testsettings
		TraceAndTestImpact.testsettings = TraceAndTestImpact.testsettings
	EndProjectSection
EndProject
Project("{2150E333-8FDC-42A3-9474-1A3956D46DE8}") = "Tests", "Tests", "{5B3804F8-F719-4C8D-9F0A-039AEDE2080A}"
EndProject
Project("{2150E333-8FDC-42A3-9474-1A3956D46DE8}") = "Support tools", "Support tools", "{61F39925-38B8-4FA6-8C76-18C1ABEDF442}"
EndProject
Project("{2150E333-8FDC-42A3-9474-1A3956D46DE8}") = "BLTools", "BLTools", "{2277A64E-5D70-44D2-8C7F-72F26D176568}"
EndProject
Project("{2150E333-8FDC-42A3-9474-1A3956D46DE8}") = "BLTools.WPF", "BLTools.WPF", "{A9ED500D-DBFD-4A71-90B2-F421470D3ADE}"
EndProject
Project("{2150E333-8FDC-42A3-9474-1A3956D46DE8}") = "BLTools.SQL", "BLTools.SQL", "{1903831E-F1DF-43D7-8E29-663AF66427D0}"
EndProject
Project("{2150E333-8FDC-42A3-9474-1A3956D46DE8}") = "BLTools.Forms", "BLTools.Forms", "{DAE819C8-399A-4360-905E-A46AF3B3E0C1}"
EndProject
Project("{2150E333-8FDC-42A3-9474-1A3956D46DE8}") = "Unit Tests", "Unit Tests", "{F99B0194-3467-43E3-828F-2D305155603E}"
EndProject
Project("{2150E333-8FDC-42A3-9474-1A3956D46DE8}") = "BLTools.AD", "BLTools.AD", "{82B11746-EC36-43B2-BDEB-249DF123A2EC}"
EndProject
Project("{2150E333-8FDC-42A3-9474-1A3956D46DE8}") = "BLTools.ADS", "BLTools.ADS", "{8378F9A1-D417-4488-8677-76B56BA8E38F}"
EndProject
Project("{2150E333-8FDC-42A3-9474-1A3956D46DE8}") = "BLTools.DataModels", "BLTools.DataModels", "{A02DBE82-46E2-4564-9C50-3391927EB441}"
EndProject
Project("{2150E333-8FDC-42A3-9474-1A3956D46DE8}") = "BLTools.Data", "BLTools.Data", "{7B7C6E46-B154-4E7C-9C96-3283A232541A}"
EndProject
Project("{2150E333-8FDC-42A3-9474-1A3956D46DE8}") = "BLTools.Reports", "BLTools.Reports", "{F39F8F71-3191-4A60-A7C4-F51F6AE43D64}"
EndProject
Project("{2150E333-8FDC-42A3-9474-1A3956D46DE8}") = "BLTools.Google.Apis", "BLTools.Google.Apis", "{AB02F235-0DC1-4713-8327-E472161814D4}"
EndProject
Project("{2150E333-8FDC-42A3-9474-1A3956D46DE8}") = "BLTools.CRM.2011", "BLTools.CRM.2011", "{1747964E-58B6-47D6-A487-D20032FD1ECC}"
EndProject
Project("{FAE04EC0-301F-11D3-BF4B-00C04F79EFBC}") = "BLTools.45", "BLTools\BLTools.45\BLTools.45.csproj", "{8386DB52-3B96-4B57-A008-876C8722715D}"
EndProject
Project("{FAE04EC0-301F-11D3-BF4B-00C04F79EFBC}") = "BLTools.45.Tests", "BLTools\BLTools.45.Tests\BLTools.45.Tests.csproj", "{29831644-24FE-4310-96EC-E49D871B5352}"
EndProject
Project("{F184B08F-C81C-45F6-A57F-5ABD9991F28F}") = "BLTools.45.Tests-VB", "BLTools\BLTools.45.Tests-VB\BLTools.45.Tests-VB.vbproj", "{B016B5AC-2839-4101-896D-36711F79A909}"
EndProject
Project("{FAE04EC0-301F-11D3-BF4B-00C04F79EFBC}") = "GenerateKeyPair", "BLTools\= Support tools\GenerateKeyPair\GenerateKeyPair.csproj", "{975FC56E-C853-4F8C-BE5C-6BF06FC5387B}"
EndProject
Project("{FAE04EC0-301F-11D3-BF4B-00C04F79EFBC}") = "SysLog", "BLTools\= Support tools\SysLog\SysLog.csproj", "{A4AA6E1A-DBC0-4A76-96CF-571BA00B0BC0}"
EndProject
Project("{FAE04EC0-301F-11D3-BF4B-00C04F79EFBC}") = "SysLogDaemonConsole", "BLTools\= Support tools\SysLogDaemonConsole\SysLogDaemonConsole.csproj", "{2F93B7E8-0F89-4C1C-AF87-02030095DCD5}"
EndProject
Project("{FAE04EC0-301F-11D3-BF4B-00C04F79EFBC}") = "SysLogDaemonWindows", "BLTools\= Support tools\SysLogDaemonWindows\SysLogDaemonWindows.csproj", "{CB32C81B-17DE-432C-B1F0-758FFDB0FC3B}"
EndProject
Project("{FAE04EC0-301F-11D3-BF4B-00C04F79EFBC}") = "BLTools.AD.45", "BLTools.AD\BLTools.AD.45\BLTools.AD.45.csproj", "{A576125E-4258-457D-8DC6-DE38F3361E78}"
EndProject
Project("{FAE04EC0-301F-11D3-BF4B-00C04F79EFBC}") = "BLTools.ADS.45", "BLTools.ADS\BLTools.ADS.45\BLTools.ADS.45.csproj", "{F59F625F-BD42-4B29-902D-CBBDF15BA7CC}"
EndProject
Project("{FAE04EC0-301F-11D3-BF4B-00C04F79EFBC}") = "BLTools.ADS.45.TestAdsBackup", "BLTools.ADS\BLTools.ADS.45.Test\BLTools.ADS.45.TestAdsBackup.csproj", "{9B599ED7-03BF-409A-B10B-E705C0794714}"
EndProject
Project("{FAE04EC0-301F-11D3-BF4B-00C04F79EFBC}") = "BLTools.Data.45", "BLTools.Data\BLTools.Data.45\BLTools.Data.45.csproj", "{EB8CAF4D-21CE-4B23-A3A6-931CB3B49054}"
EndProject
Project("{FAE04EC0-301F-11D3-BF4B-00C04F79EFBC}") = "BLTools.CRM2011.45", "BLTools.CRM.2011\BLTools.CRM2011.45\BLTools.CRM2011.45.csproj", "{8496BD4F-4362-4C52-BDE7-30BE7B094206}"
EndProject
Project("{FAE04EC0-301F-11D3-BF4B-00C04F79EFBC}") = "BLTools.CRM2011.45.Test", "BLTools.CRM.2011\BLTools.CRM2011.45.Test\BLTools.CRM2011.45.Test.csproj", "{F5725ECD-728C-48A3-810D-CEEE13F5F0F7}"
EndProject
Project("{FAE04EC0-301F-11D3-BF4B-00C04F79EFBC}") = "BLTools.Google.Apis.45", "BLTools.Google.Apis\BLTools.Google.Apis.45\BLTools.Google.Apis.45.csproj", "{7576373E-AC0E-41CD-BF31-915D237D6FFF}"
EndProject
Project("{FAE04EC0-301F-11D3-BF4B-00C04F79EFBC}") = "BLTools.Google.Apis.45.DirectionTest", "BLTools.Google.Apis\BLTools.Google.Apis.45.DirectionTest\BLTools.Google.Apis.45.DirectionTest.csproj", "{214DEA97-D163-43A6-9B15-794E8239C238}"
EndProject
Project("{FAE04EC0-301F-11D3-BF4B-00C04F79EFBC}") = "BLTools.Reports.45", "BLTools.Reports\BLTools.Reports.45\BLTools.Reports.45.csproj", "{C66058B8-7B53-474F-A7DB-537503682FC7}"
EndProject
Project("{FAE04EC0-301F-11D3-BF4B-00C04F79EFBC}") = "BLTools.Reports.45.Test", "BLTools.Reports\BLTools.Reports.45.Test\BLTools.Reports.45.Test.csproj", "{5B4191D5-2B47-4CAC-9EA9-CCA27137C03D}"
EndProject
Project("{FAE04EC0-301F-11D3-BF4B-00C04F79EFBC}") = "BLTools.SQL.45", "BLTools.SQL\BLTools.SQL.45\BLTools.SQL.45.csproj", "{2CC0D703-5AFD-4DCC-807C-D8BACAE4DCB6}"
EndProject
Project("{FAE04EC0-301F-11D3-BF4B-00C04F79EFBC}") = "BLTools.DataModels.45", "BLTools.DataModels\BLTools.DataModels.45\BLTools.DataModels.45.csproj", "{99B93EB7-4D9C-42B8-8FE8-AAC974539305}"
	ProjectSection(ProjectDependencies) = postProject
		{EB8CAF4D-21CE-4B23-A3A6-931CB3B49054} = {EB8CAF4D-21CE-4B23-A3A6-931CB3B49054}
	EndProjectSection
EndProject
Project("{FAE04EC0-301F-11D3-BF4B-00C04F79EFBC}") = "BLTools.WPF.45", "BLTools.WPF\BLTools.WPF.45\BLTools.WPF.45.csproj", "{00E8AA36-C620-4EE0-81FF-8F0FE68951AC}"
EndProject
Project("{FAE04EC0-301F-11D3-BF4B-00C04F79EFBC}") = "BLTools.Forms.45", "BLTools.Forms\BLTools.Forms.45\BLTools.Forms.45.csproj", "{715BB182-3663-422A-898C-5ED8423520BC}"
EndProject
Project("{2150E333-8FDC-42A3-9474-1A3956D46DE8}") = "BLTools.Web", "BLTools.Web", "{7CA5818B-F476-4979-9408-2F57E900580E}"
EndProject
Project("{FAE04EC0-301F-11D3-BF4B-00C04F79EFBC}") = "BLTools.Web.45", "BLTools.Web\BLTools.Web.45\BLTools.Web.45.csproj", "{C1D2EAAD-644F-42BB-9E23-C97ECD8FFA4B}"
EndProject
Project("{FAE04EC0-301F-11D3-BF4B-00C04F79EFBC}") = "BLTools.Web.45.ConsoleTest", "BLTools.Web.45.ConsoleTest\BLTools.Web.45.ConsoleTest.csproj", "{B886464C-C044-4B9C-A204-8A8F079A7B26}"
EndProject
Project("{FAE04EC0-301F-11D3-BF4B-00C04F79EFBC}") = "BLTools.WPF.Controls.45", "BLTools.WPF\BLTools.WPF.Controls.45\BLTools.WPF.Controls.45.csproj", "{8EB1F874-FAF5-49D1-AB99-8DAC7101E714}"
EndProject
Project("{2150E333-8FDC-42A3-9474-1A3956D46DE8}") = "BLTools.XML", "BLTools.XML", "{ED5D9FD9-9DB0-4892-BB77-59E5E5980B9F}"
EndProject
Project("{FAE04EC0-301F-11D3-BF4B-00C04F79EFBC}") = "BLTools.XML.45", "BLTools.XML.45\BLTools.XML.45.csproj", "{EA7608D3-6ECA-4AD9-A1BA-E5E01927B5A4}"
EndProject
Project("{FAE04EC0-301F-11D3-BF4B-00C04F79EFBC}") = "BLTools.XML.45.Test", "BLTools.XML.45.Test\BLTools.XML.45.Test.csproj", "{4B9571E6-7EF4-464C-AC1A-6B9222110A4F}"
EndProject
Project("{2150E333-8FDC-42A3-9474-1A3956D46DE8}") = "Documentation", "Documentation", "{D9D19BCA-8DCF-4892-83C7-A6889EC41B69}"
EndProject
Project("{FAE04EC0-301F-11D3-BF4B-00C04F79EFBC}") = "BLTools.Data.Test", "BLTools.Data.Test\BLTools.Data.Test.csproj", "{36378B97-DE3D-48FC-9ADB-9E21E0AAF705}"
EndProject
Project("{FAE04EC0-301F-11D3-BF4B-00C04F79EFBC}") = "UnitTest2015", "UnitTest2015\UnitTest2015.csproj", "{E6B54798-3F0A-4AF0-9244-E4F1AEB5C9E1}"
EndProject
Project("{2150E333-8FDC-42A3-9474-1A3956D46DE8}") = "BLTools.WMI", "BLTools.WMI", "{D4CF0A9C-E637-409F-B69F-5D6DCC16CD7C}"
EndProject
Project("{FAE04EC0-301F-11D3-BF4B-00C04F79EFBC}") = "BLTools.WMI.45", "BLTools.WMI.45\BLTools.WMI.45.csproj", "{3CCC67A1-C73A-4EE1-AADD-63788AA550A4}"
EndProject
Project("{FAE04EC0-301F-11D3-BF4B-00C04F79EFBC}") = "BLTools.SQL.Management.45", "BLTools.SQL\BLTools.SQL.Management.45\BLTools.SQL.Management.45.csproj", "{8E21447D-12EF-408E-867C-03E6748A28CC}"
EndProject
Project("{FAE04EC0-301F-11D3-BF4B-00C04F79EFBC}") = "BLTools.SQL.45.ConsoleTest", "BLTools.SQL\BLTools.SQL..45.ConsoleTest\BLTools.SQL.45.ConsoleTest.csproj", "{B26A74BA-0C25-4D4E-93F3-7D4F35989A0A}"
EndProject
Project("{FAE04EC0-301F-11D3-BF4B-00C04F79EFBC}") = "BLTools.45.WPF.Test", "BLTools.WPF\BLTools.45.WPF.Test\BLTools.45.WPF.Test.csproj", "{83211135-6FDC-4278-B499-7DF14746DA07}"
EndProject
Global
	GlobalSection(SolutionConfigurationPlatforms) = preSolution
		Debug|Any CPU = Debug|Any CPU
		Debug|Mixed Platforms = Debug|Mixed Platforms
		Debug|x64 = Debug|x64
		Debug|x86 = Debug|x86
		Release|Any CPU = Release|Any CPU
		Release|Mixed Platforms = Release|Mixed Platforms
		Release|x64 = Release|x64
		Release|x86 = Release|x86
		x64 debug|Any CPU = x64 debug|Any CPU
		x64 debug|Mixed Platforms = x64 debug|Mixed Platforms
		x64 debug|x64 = x64 debug|x64
		x64 debug|x86 = x64 debug|x86
		x86 debug|Any CPU = x86 debug|Any CPU
		x86 debug|Mixed Platforms = x86 debug|Mixed Platforms
		x86 debug|x64 = x86 debug|x64
		x86 debug|x86 = x86 debug|x86
	EndGlobalSection
	GlobalSection(ProjectConfigurationPlatforms) = postSolution
		{8386DB52-3B96-4B57-A008-876C8722715D}.Debug|Any CPU.ActiveCfg = Debug|Any CPU
		{8386DB52-3B96-4B57-A008-876C8722715D}.Debug|Any CPU.Build.0 = Debug|Any CPU
		{8386DB52-3B96-4B57-A008-876C8722715D}.Debug|Mixed Platforms.ActiveCfg = Debug|Any CPU
		{8386DB52-3B96-4B57-A008-876C8722715D}.Debug|Mixed Platforms.Build.0 = Debug|Any CPU
		{8386DB52-3B96-4B57-A008-876C8722715D}.Debug|x64.ActiveCfg = Debug|x64
		{8386DB52-3B96-4B57-A008-876C8722715D}.Debug|x64.Build.0 = Debug|x64
		{8386DB52-3B96-4B57-A008-876C8722715D}.Debug|x86.ActiveCfg = Debug|x86
		{8386DB52-3B96-4B57-A008-876C8722715D}.Debug|x86.Build.0 = Debug|x86
		{8386DB52-3B96-4B57-A008-876C8722715D}.Release|Any CPU.ActiveCfg = Release|Any CPU
		{8386DB52-3B96-4B57-A008-876C8722715D}.Release|Any CPU.Build.0 = Release|Any CPU
		{8386DB52-3B96-4B57-A008-876C8722715D}.Release|Mixed Platforms.ActiveCfg = Release|x86
		{8386DB52-3B96-4B57-A008-876C8722715D}.Release|Mixed Platforms.Build.0 = Release|x86
		{8386DB52-3B96-4B57-A008-876C8722715D}.Release|x64.ActiveCfg = Release|x64
		{8386DB52-3B96-4B57-A008-876C8722715D}.Release|x64.Build.0 = Release|x64
		{8386DB52-3B96-4B57-A008-876C8722715D}.Release|x86.ActiveCfg = Release|x86
		{8386DB52-3B96-4B57-A008-876C8722715D}.Release|x86.Build.0 = Release|x86
		{8386DB52-3B96-4B57-A008-876C8722715D}.x64 debug|Any CPU.ActiveCfg = x64 debug|Any CPU
		{8386DB52-3B96-4B57-A008-876C8722715D}.x64 debug|Any CPU.Build.0 = x64 debug|Any CPU
		{8386DB52-3B96-4B57-A008-876C8722715D}.x64 debug|Mixed Platforms.ActiveCfg = x64 debug|x86
		{8386DB52-3B96-4B57-A008-876C8722715D}.x64 debug|Mixed Platforms.Build.0 = x64 debug|x86
		{8386DB52-3B96-4B57-A008-876C8722715D}.x64 debug|x64.ActiveCfg = x64 debug|x64
		{8386DB52-3B96-4B57-A008-876C8722715D}.x64 debug|x64.Build.0 = x64 debug|x64
		{8386DB52-3B96-4B57-A008-876C8722715D}.x64 debug|x86.ActiveCfg = x64 debug|x86
		{8386DB52-3B96-4B57-A008-876C8722715D}.x64 debug|x86.Build.0 = x64 debug|x86
		{8386DB52-3B96-4B57-A008-876C8722715D}.x86 debug|Any CPU.ActiveCfg = x86 debug|Any CPU
		{8386DB52-3B96-4B57-A008-876C8722715D}.x86 debug|Any CPU.Build.0 = x86 debug|Any CPU
		{8386DB52-3B96-4B57-A008-876C8722715D}.x86 debug|Mixed Platforms.ActiveCfg = x86 debug|x86
		{8386DB52-3B96-4B57-A008-876C8722715D}.x86 debug|Mixed Platforms.Build.0 = x86 debug|x86
		{8386DB52-3B96-4B57-A008-876C8722715D}.x86 debug|x64.ActiveCfg = x86 debug|x64
		{8386DB52-3B96-4B57-A008-876C8722715D}.x86 debug|x64.Build.0 = x86 debug|x64
		{8386DB52-3B96-4B57-A008-876C8722715D}.x86 debug|x86.ActiveCfg = x86 debug|x86
		{8386DB52-3B96-4B57-A008-876C8722715D}.x86 debug|x86.Build.0 = x86 debug|x86
		{29831644-24FE-4310-96EC-E49D871B5352}.Debug|Any CPU.ActiveCfg = Debug|Any CPU
		{29831644-24FE-4310-96EC-E49D871B5352}.Debug|Any CPU.Build.0 = Debug|Any CPU
		{29831644-24FE-4310-96EC-E49D871B5352}.Debug|Mixed Platforms.ActiveCfg = Debug|x64
		{29831644-24FE-4310-96EC-E49D871B5352}.Debug|Mixed Platforms.Build.0 = Debug|x64
		{29831644-24FE-4310-96EC-E49D871B5352}.Debug|x64.ActiveCfg = Debug|x64
		{29831644-24FE-4310-96EC-E49D871B5352}.Debug|x64.Build.0 = Debug|x64
		{29831644-24FE-4310-96EC-E49D871B5352}.Debug|x86.ActiveCfg = Debug|x86
		{29831644-24FE-4310-96EC-E49D871B5352}.Debug|x86.Build.0 = Debug|x86
		{29831644-24FE-4310-96EC-E49D871B5352}.Release|Any CPU.ActiveCfg = Release|Any CPU
		{29831644-24FE-4310-96EC-E49D871B5352}.Release|Any CPU.Build.0 = Release|Any CPU
		{29831644-24FE-4310-96EC-E49D871B5352}.Release|Mixed Platforms.ActiveCfg = Release|x86
		{29831644-24FE-4310-96EC-E49D871B5352}.Release|Mixed Platforms.Build.0 = Release|x86
		{29831644-24FE-4310-96EC-E49D871B5352}.Release|x64.ActiveCfg = Release|x64
		{29831644-24FE-4310-96EC-E49D871B5352}.Release|x64.Build.0 = Release|x64
		{29831644-24FE-4310-96EC-E49D871B5352}.Release|x86.ActiveCfg = Release|x86
		{29831644-24FE-4310-96EC-E49D871B5352}.Release|x86.Build.0 = Release|x86
		{29831644-24FE-4310-96EC-E49D871B5352}.x64 debug|Any CPU.ActiveCfg = x64 debug|Any CPU
		{29831644-24FE-4310-96EC-E49D871B5352}.x64 debug|Any CPU.Build.0 = x64 debug|Any CPU
		{29831644-24FE-4310-96EC-E49D871B5352}.x64 debug|Mixed Platforms.ActiveCfg = x64 debug|x86
		{29831644-24FE-4310-96EC-E49D871B5352}.x64 debug|Mixed Platforms.Build.0 = x64 debug|x86
		{29831644-24FE-4310-96EC-E49D871B5352}.x64 debug|x64.ActiveCfg = x64 debug|x64
		{29831644-24FE-4310-96EC-E49D871B5352}.x64 debug|x64.Build.0 = x64 debug|x64
		{29831644-24FE-4310-96EC-E49D871B5352}.x64 debug|x86.ActiveCfg = x64 debug|x86
		{29831644-24FE-4310-96EC-E49D871B5352}.x64 debug|x86.Build.0 = x64 debug|x86
		{29831644-24FE-4310-96EC-E49D871B5352}.x86 debug|Any CPU.ActiveCfg = x86 debug|Any CPU
		{29831644-24FE-4310-96EC-E49D871B5352}.x86 debug|Any CPU.Build.0 = x86 debug|Any CPU
		{29831644-24FE-4310-96EC-E49D871B5352}.x86 debug|Mixed Platforms.ActiveCfg = x86 debug|x86
		{29831644-24FE-4310-96EC-E49D871B5352}.x86 debug|Mixed Platforms.Build.0 = x86 debug|x86
		{29831644-24FE-4310-96EC-E49D871B5352}.x86 debug|x64.ActiveCfg = x86 debug|x64
		{29831644-24FE-4310-96EC-E49D871B5352}.x86 debug|x64.Build.0 = x86 debug|x64
		{29831644-24FE-4310-96EC-E49D871B5352}.x86 debug|x86.ActiveCfg = x86 debug|x86
		{29831644-24FE-4310-96EC-E49D871B5352}.x86 debug|x86.Build.0 = x86 debug|x86
		{B016B5AC-2839-4101-896D-36711F79A909}.Debug|Any CPU.ActiveCfg = Debug|Any CPU
		{B016B5AC-2839-4101-896D-36711F79A909}.Debug|Any CPU.Build.0 = Debug|Any CPU
		{B016B5AC-2839-4101-896D-36711F79A909}.Debug|Mixed Platforms.ActiveCfg = Debug|x64
		{B016B5AC-2839-4101-896D-36711F79A909}.Debug|Mixed Platforms.Build.0 = Debug|x64
		{B016B5AC-2839-4101-896D-36711F79A909}.Debug|x64.ActiveCfg = Debug|x64
		{B016B5AC-2839-4101-896D-36711F79A909}.Debug|x64.Build.0 = Debug|x64
		{B016B5AC-2839-4101-896D-36711F79A909}.Debug|x86.ActiveCfg = Debug|x86
		{B016B5AC-2839-4101-896D-36711F79A909}.Debug|x86.Build.0 = Debug|x86
		{B016B5AC-2839-4101-896D-36711F79A909}.Release|Any CPU.ActiveCfg = Release|Any CPU
		{B016B5AC-2839-4101-896D-36711F79A909}.Release|Any CPU.Build.0 = Release|Any CPU
		{B016B5AC-2839-4101-896D-36711F79A909}.Release|Mixed Platforms.ActiveCfg = Release|x86
		{B016B5AC-2839-4101-896D-36711F79A909}.Release|Mixed Platforms.Build.0 = Release|x86
		{B016B5AC-2839-4101-896D-36711F79A909}.Release|x64.ActiveCfg = Release|x64
		{B016B5AC-2839-4101-896D-36711F79A909}.Release|x64.Build.0 = Release|x64
		{B016B5AC-2839-4101-896D-36711F79A909}.Release|x86.ActiveCfg = Release|x86
		{B016B5AC-2839-4101-896D-36711F79A909}.Release|x86.Build.0 = Release|x86
		{B016B5AC-2839-4101-896D-36711F79A909}.x64 debug|Any CPU.ActiveCfg = x64 debug|Any CPU
		{B016B5AC-2839-4101-896D-36711F79A909}.x64 debug|Any CPU.Build.0 = x64 debug|Any CPU
		{B016B5AC-2839-4101-896D-36711F79A909}.x64 debug|Mixed Platforms.ActiveCfg = x64 debug|x86
		{B016B5AC-2839-4101-896D-36711F79A909}.x64 debug|Mixed Platforms.Build.0 = x64 debug|x86
		{B016B5AC-2839-4101-896D-36711F79A909}.x64 debug|x64.ActiveCfg = x64 debug|x64
		{B016B5AC-2839-4101-896D-36711F79A909}.x64 debug|x64.Build.0 = x64 debug|x64
		{B016B5AC-2839-4101-896D-36711F79A909}.x64 debug|x86.ActiveCfg = x64 debug|x86
		{B016B5AC-2839-4101-896D-36711F79A909}.x64 debug|x86.Build.0 = x64 debug|x86
		{B016B5AC-2839-4101-896D-36711F79A909}.x86 debug|Any CPU.ActiveCfg = x86 debug|Any CPU
		{B016B5AC-2839-4101-896D-36711F79A909}.x86 debug|Any CPU.Build.0 = x86 debug|Any CPU
		{B016B5AC-2839-4101-896D-36711F79A909}.x86 debug|Mixed Platforms.ActiveCfg = x86 debug|x86
		{B016B5AC-2839-4101-896D-36711F79A909}.x86 debug|Mixed Platforms.Build.0 = x86 debug|x86
		{B016B5AC-2839-4101-896D-36711F79A909}.x86 debug|x64.ActiveCfg = x86 debug|x64
		{B016B5AC-2839-4101-896D-36711F79A909}.x86 debug|x64.Build.0 = x86 debug|x64
		{B016B5AC-2839-4101-896D-36711F79A909}.x86 debug|x86.ActiveCfg = x86 debug|x86
		{B016B5AC-2839-4101-896D-36711F79A909}.x86 debug|x86.Build.0 = x86 debug|x86
		{975FC56E-C853-4F8C-BE5C-6BF06FC5387B}.Debug|Any CPU.ActiveCfg = Debug|Any CPU
		{975FC56E-C853-4F8C-BE5C-6BF06FC5387B}.Debug|Mixed Platforms.ActiveCfg = Debug|x64
		{975FC56E-C853-4F8C-BE5C-6BF06FC5387B}.Debug|x64.ActiveCfg = Debug|x64
		{975FC56E-C853-4F8C-BE5C-6BF06FC5387B}.Debug|x64.Build.0 = Debug|x64
		{975FC56E-C853-4F8C-BE5C-6BF06FC5387B}.Debug|x86.ActiveCfg = Debug|x86
		{975FC56E-C853-4F8C-BE5C-6BF06FC5387B}.Debug|x86.Build.0 = Debug|x86
		{975FC56E-C853-4F8C-BE5C-6BF06FC5387B}.Release|Any CPU.ActiveCfg = Release|Any CPU
		{975FC56E-C853-4F8C-BE5C-6BF06FC5387B}.Release|Any CPU.Build.0 = Release|Any CPU
		{975FC56E-C853-4F8C-BE5C-6BF06FC5387B}.Release|Mixed Platforms.ActiveCfg = Release|x86
		{975FC56E-C853-4F8C-BE5C-6BF06FC5387B}.Release|Mixed Platforms.Build.0 = Release|x86
		{975FC56E-C853-4F8C-BE5C-6BF06FC5387B}.Release|x64.ActiveCfg = Release|x64
		{975FC56E-C853-4F8C-BE5C-6BF06FC5387B}.Release|x64.Build.0 = Release|x64
		{975FC56E-C853-4F8C-BE5C-6BF06FC5387B}.Release|x86.ActiveCfg = Release|x86
		{975FC56E-C853-4F8C-BE5C-6BF06FC5387B}.Release|x86.Build.0 = Release|x86
		{975FC56E-C853-4F8C-BE5C-6BF06FC5387B}.x64 debug|Any CPU.ActiveCfg = x64 debug|Any CPU
		{975FC56E-C853-4F8C-BE5C-6BF06FC5387B}.x64 debug|Any CPU.Build.0 = x64 debug|Any CPU
		{975FC56E-C853-4F8C-BE5C-6BF06FC5387B}.x64 debug|Mixed Platforms.ActiveCfg = x64 debug|x86
		{975FC56E-C853-4F8C-BE5C-6BF06FC5387B}.x64 debug|Mixed Platforms.Build.0 = x64 debug|x86
		{975FC56E-C853-4F8C-BE5C-6BF06FC5387B}.x64 debug|x64.ActiveCfg = x64 debug|x64
		{975FC56E-C853-4F8C-BE5C-6BF06FC5387B}.x64 debug|x64.Build.0 = x64 debug|x64
		{975FC56E-C853-4F8C-BE5C-6BF06FC5387B}.x64 debug|x86.ActiveCfg = x64 debug|x86
		{975FC56E-C853-4F8C-BE5C-6BF06FC5387B}.x64 debug|x86.Build.0 = x64 debug|x86
		{975FC56E-C853-4F8C-BE5C-6BF06FC5387B}.x86 debug|Any CPU.ActiveCfg = x86 debug|Any CPU
		{975FC56E-C853-4F8C-BE5C-6BF06FC5387B}.x86 debug|Any CPU.Build.0 = x86 debug|Any CPU
		{975FC56E-C853-4F8C-BE5C-6BF06FC5387B}.x86 debug|Mixed Platforms.ActiveCfg = x86 debug|x86
		{975FC56E-C853-4F8C-BE5C-6BF06FC5387B}.x86 debug|Mixed Platforms.Build.0 = x86 debug|x86
		{975FC56E-C853-4F8C-BE5C-6BF06FC5387B}.x86 debug|x64.ActiveCfg = x86 debug|x64
		{975FC56E-C853-4F8C-BE5C-6BF06FC5387B}.x86 debug|x64.Build.0 = x86 debug|x64
		{975FC56E-C853-4F8C-BE5C-6BF06FC5387B}.x86 debug|x86.ActiveCfg = x86 debug|x86
		{975FC56E-C853-4F8C-BE5C-6BF06FC5387B}.x86 debug|x86.Build.0 = x86 debug|x86
		{A4AA6E1A-DBC0-4A76-96CF-571BA00B0BC0}.Debug|Any CPU.ActiveCfg = Debug|Any CPU
		{A4AA6E1A-DBC0-4A76-96CF-571BA00B0BC0}.Debug|Mixed Platforms.ActiveCfg = Debug|Any CPU
		{A4AA6E1A-DBC0-4A76-96CF-571BA00B0BC0}.Debug|Mixed Platforms.Build.0 = Debug|Any CPU
		{A4AA6E1A-DBC0-4A76-96CF-571BA00B0BC0}.Debug|x64.ActiveCfg = Debug|x64
		{A4AA6E1A-DBC0-4A76-96CF-571BA00B0BC0}.Debug|x64.Build.0 = Debug|x64
		{A4AA6E1A-DBC0-4A76-96CF-571BA00B0BC0}.Debug|x86.ActiveCfg = Debug|x86
		{A4AA6E1A-DBC0-4A76-96CF-571BA00B0BC0}.Debug|x86.Build.0 = Debug|x86
		{A4AA6E1A-DBC0-4A76-96CF-571BA00B0BC0}.Release|Any CPU.ActiveCfg = Release|Any CPU
		{A4AA6E1A-DBC0-4A76-96CF-571BA00B0BC0}.Release|Any CPU.Build.0 = Release|Any CPU
		{A4AA6E1A-DBC0-4A76-96CF-571BA00B0BC0}.Release|Mixed Platforms.ActiveCfg = Release|x86
		{A4AA6E1A-DBC0-4A76-96CF-571BA00B0BC0}.Release|Mixed Platforms.Build.0 = Release|x86
		{A4AA6E1A-DBC0-4A76-96CF-571BA00B0BC0}.Release|x64.ActiveCfg = Release|x64
		{A4AA6E1A-DBC0-4A76-96CF-571BA00B0BC0}.Release|x64.Build.0 = Release|x64
		{A4AA6E1A-DBC0-4A76-96CF-571BA00B0BC0}.Release|x86.ActiveCfg = Release|x86
		{A4AA6E1A-DBC0-4A76-96CF-571BA00B0BC0}.Release|x86.Build.0 = Release|x86
		{A4AA6E1A-DBC0-4A76-96CF-571BA00B0BC0}.x64 debug|Any CPU.ActiveCfg = x64 debug|Any CPU
		{A4AA6E1A-DBC0-4A76-96CF-571BA00B0BC0}.x64 debug|Any CPU.Build.0 = x64 debug|Any CPU
		{A4AA6E1A-DBC0-4A76-96CF-571BA00B0BC0}.x64 debug|Mixed Platforms.ActiveCfg = x64 debug|x86
		{A4AA6E1A-DBC0-4A76-96CF-571BA00B0BC0}.x64 debug|Mixed Platforms.Build.0 = x64 debug|x86
		{A4AA6E1A-DBC0-4A76-96CF-571BA00B0BC0}.x64 debug|x64.ActiveCfg = x64 debug|x64
		{A4AA6E1A-DBC0-4A76-96CF-571BA00B0BC0}.x64 debug|x64.Build.0 = x64 debug|x64
		{A4AA6E1A-DBC0-4A76-96CF-571BA00B0BC0}.x64 debug|x86.ActiveCfg = x64 debug|x86
		{A4AA6E1A-DBC0-4A76-96CF-571BA00B0BC0}.x64 debug|x86.Build.0 = x64 debug|x86
		{A4AA6E1A-DBC0-4A76-96CF-571BA00B0BC0}.x86 debug|Any CPU.ActiveCfg = x86 debug|Any CPU
		{A4AA6E1A-DBC0-4A76-96CF-571BA00B0BC0}.x86 debug|Any CPU.Build.0 = x86 debug|Any CPU
		{A4AA6E1A-DBC0-4A76-96CF-571BA00B0BC0}.x86 debug|Mixed Platforms.ActiveCfg = x86 debug|x86
		{A4AA6E1A-DBC0-4A76-96CF-571BA00B0BC0}.x86 debug|Mixed Platforms.Build.0 = x86 debug|x86
		{A4AA6E1A-DBC0-4A76-96CF-571BA00B0BC0}.x86 debug|x64.ActiveCfg = x86 debug|x64
		{A4AA6E1A-DBC0-4A76-96CF-571BA00B0BC0}.x86 debug|x64.Build.0 = x86 debug|x64
		{A4AA6E1A-DBC0-4A76-96CF-571BA00B0BC0}.x86 debug|x86.ActiveCfg = x86 debug|x86
		{A4AA6E1A-DBC0-4A76-96CF-571BA00B0BC0}.x86 debug|x86.Build.0 = x86 debug|x86
		{2F93B7E8-0F89-4C1C-AF87-02030095DCD5}.Debug|Any CPU.ActiveCfg = Debug|Any CPU
		{2F93B7E8-0F89-4C1C-AF87-02030095DCD5}.Debug|Mixed Platforms.ActiveCfg = Debug|x64
		{2F93B7E8-0F89-4C1C-AF87-02030095DCD5}.Debug|x64.ActiveCfg = Debug|x64
		{2F93B7E8-0F89-4C1C-AF87-02030095DCD5}.Debug|x64.Build.0 = Debug|x64
		{2F93B7E8-0F89-4C1C-AF87-02030095DCD5}.Debug|x86.ActiveCfg = Debug|x86
		{2F93B7E8-0F89-4C1C-AF87-02030095DCD5}.Debug|x86.Build.0 = Debug|x86
		{2F93B7E8-0F89-4C1C-AF87-02030095DCD5}.Release|Any CPU.ActiveCfg = Release|Any CPU
		{2F93B7E8-0F89-4C1C-AF87-02030095DCD5}.Release|Any CPU.Build.0 = Release|Any CPU
		{2F93B7E8-0F89-4C1C-AF87-02030095DCD5}.Release|Mixed Platforms.ActiveCfg = Release|x86
		{2F93B7E8-0F89-4C1C-AF87-02030095DCD5}.Release|Mixed Platforms.Build.0 = Release|x86
		{2F93B7E8-0F89-4C1C-AF87-02030095DCD5}.Release|x64.ActiveCfg = Release|x64
		{2F93B7E8-0F89-4C1C-AF87-02030095DCD5}.Release|x64.Build.0 = Release|x64
		{2F93B7E8-0F89-4C1C-AF87-02030095DCD5}.Release|x86.ActiveCfg = Release|x86
		{2F93B7E8-0F89-4C1C-AF87-02030095DCD5}.Release|x86.Build.0 = Release|x86
		{2F93B7E8-0F89-4C1C-AF87-02030095DCD5}.x64 debug|Any CPU.ActiveCfg = x64 debug|Any CPU
		{2F93B7E8-0F89-4C1C-AF87-02030095DCD5}.x64 debug|Any CPU.Build.0 = x64 debug|Any CPU
		{2F93B7E8-0F89-4C1C-AF87-02030095DCD5}.x64 debug|Mixed Platforms.ActiveCfg = x64 debug|x86
		{2F93B7E8-0F89-4C1C-AF87-02030095DCD5}.x64 debug|Mixed Platforms.Build.0 = x64 debug|x86
		{2F93B7E8-0F89-4C1C-AF87-02030095DCD5}.x64 debug|x64.ActiveCfg = x64 debug|x64
		{2F93B7E8-0F89-4C1C-AF87-02030095DCD5}.x64 debug|x64.Build.0 = x64 debug|x64
		{2F93B7E8-0F89-4C1C-AF87-02030095DCD5}.x64 debug|x86.ActiveCfg = x64 debug|x86
		{2F93B7E8-0F89-4C1C-AF87-02030095DCD5}.x64 debug|x86.Build.0 = x64 debug|x86
		{2F93B7E8-0F89-4C1C-AF87-02030095DCD5}.x86 debug|Any CPU.ActiveCfg = x86 debug|Any CPU
		{2F93B7E8-0F89-4C1C-AF87-02030095DCD5}.x86 debug|Any CPU.Build.0 = x86 debug|Any CPU
		{2F93B7E8-0F89-4C1C-AF87-02030095DCD5}.x86 debug|Mixed Platforms.ActiveCfg = x86 debug|x86
		{2F93B7E8-0F89-4C1C-AF87-02030095DCD5}.x86 debug|Mixed Platforms.Build.0 = x86 debug|x86
		{2F93B7E8-0F89-4C1C-AF87-02030095DCD5}.x86 debug|x64.ActiveCfg = x86 debug|x64
		{2F93B7E8-0F89-4C1C-AF87-02030095DCD5}.x86 debug|x64.Build.0 = x86 debug|x64
		{2F93B7E8-0F89-4C1C-AF87-02030095DCD5}.x86 debug|x86.ActiveCfg = x86 debug|x86
		{2F93B7E8-0F89-4C1C-AF87-02030095DCD5}.x86 debug|x86.Build.0 = x86 debug|x86
		{CB32C81B-17DE-432C-B1F0-758FFDB0FC3B}.Debug|Any CPU.ActiveCfg = Debug|Any CPU
		{CB32C81B-17DE-432C-B1F0-758FFDB0FC3B}.Debug|Mixed Platforms.ActiveCfg = Debug|x64
		{CB32C81B-17DE-432C-B1F0-758FFDB0FC3B}.Debug|x64.ActiveCfg = Debug|x64
		{CB32C81B-17DE-432C-B1F0-758FFDB0FC3B}.Debug|x64.Build.0 = Debug|x64
		{CB32C81B-17DE-432C-B1F0-758FFDB0FC3B}.Debug|x86.ActiveCfg = Debug|x86
		{CB32C81B-17DE-432C-B1F0-758FFDB0FC3B}.Debug|x86.Build.0 = Debug|x86
		{CB32C81B-17DE-432C-B1F0-758FFDB0FC3B}.Release|Any CPU.ActiveCfg = Release|Any CPU
		{CB32C81B-17DE-432C-B1F0-758FFDB0FC3B}.Release|Any CPU.Build.0 = Release|Any CPU
		{CB32C81B-17DE-432C-B1F0-758FFDB0FC3B}.Release|Mixed Platforms.ActiveCfg = Release|x86
		{CB32C81B-17DE-432C-B1F0-758FFDB0FC3B}.Release|Mixed Platforms.Build.0 = Release|x86
		{CB32C81B-17DE-432C-B1F0-758FFDB0FC3B}.Release|x64.ActiveCfg = Release|x64
		{CB32C81B-17DE-432C-B1F0-758FFDB0FC3B}.Release|x64.Build.0 = Release|x64
		{CB32C81B-17DE-432C-B1F0-758FFDB0FC3B}.Release|x86.ActiveCfg = Release|x86
		{CB32C81B-17DE-432C-B1F0-758FFDB0FC3B}.Release|x86.Build.0 = Release|x86
		{CB32C81B-17DE-432C-B1F0-758FFDB0FC3B}.x64 debug|Any CPU.ActiveCfg = x64 debug|Any CPU
		{CB32C81B-17DE-432C-B1F0-758FFDB0FC3B}.x64 debug|Any CPU.Build.0 = x64 debug|Any CPU
		{CB32C81B-17DE-432C-B1F0-758FFDB0FC3B}.x64 debug|Mixed Platforms.ActiveCfg = x64 debug|x86
		{CB32C81B-17DE-432C-B1F0-758FFDB0FC3B}.x64 debug|Mixed Platforms.Build.0 = x64 debug|x86
		{CB32C81B-17DE-432C-B1F0-758FFDB0FC3B}.x64 debug|x64.ActiveCfg = x64 debug|x64
		{CB32C81B-17DE-432C-B1F0-758FFDB0FC3B}.x64 debug|x64.Build.0 = x64 debug|x64
		{CB32C81B-17DE-432C-B1F0-758FFDB0FC3B}.x64 debug|x86.ActiveCfg = x64 debug|x86
		{CB32C81B-17DE-432C-B1F0-758FFDB0FC3B}.x64 debug|x86.Build.0 = x64 debug|x86
		{CB32C81B-17DE-432C-B1F0-758FFDB0FC3B}.x86 debug|Any CPU.ActiveCfg = x86 debug|Any CPU
		{CB32C81B-17DE-432C-B1F0-758FFDB0FC3B}.x86 debug|Any CPU.Build.0 = x86 debug|Any CPU
		{CB32C81B-17DE-432C-B1F0-758FFDB0FC3B}.x86 debug|Mixed Platforms.ActiveCfg = x86 debug|x86
		{CB32C81B-17DE-432C-B1F0-758FFDB0FC3B}.x86 debug|Mixed Platforms.Build.0 = x86 debug|x86
		{CB32C81B-17DE-432C-B1F0-758FFDB0FC3B}.x86 debug|x64.ActiveCfg = x86 debug|x64
		{CB32C81B-17DE-432C-B1F0-758FFDB0FC3B}.x86 debug|x64.Build.0 = x86 debug|x64
		{CB32C81B-17DE-432C-B1F0-758FFDB0FC3B}.x86 debug|x86.ActiveCfg = x86 debug|x86
		{CB32C81B-17DE-432C-B1F0-758FFDB0FC3B}.x86 debug|x86.Build.0 = x86 debug|x86
		{A576125E-4258-457D-8DC6-DE38F3361E78}.Debug|Any CPU.ActiveCfg = Debug|Any CPU
		{A576125E-4258-457D-8DC6-DE38F3361E78}.Debug|Any CPU.Build.0 = Debug|Any CPU
		{A576125E-4258-457D-8DC6-DE38F3361E78}.Debug|Mixed Platforms.ActiveCfg = Debug|Any CPU
		{A576125E-4258-457D-8DC6-DE38F3361E78}.Debug|Mixed Platforms.Build.0 = Debug|Any CPU
		{A576125E-4258-457D-8DC6-DE38F3361E78}.Debug|x64.ActiveCfg = Debug|x64
		{A576125E-4258-457D-8DC6-DE38F3361E78}.Debug|x64.Build.0 = Debug|x64
		{A576125E-4258-457D-8DC6-DE38F3361E78}.Debug|x86.ActiveCfg = Debug|x86
		{A576125E-4258-457D-8DC6-DE38F3361E78}.Debug|x86.Build.0 = Debug|x86
		{A576125E-4258-457D-8DC6-DE38F3361E78}.Release|Any CPU.ActiveCfg = Release|Any CPU
		{A576125E-4258-457D-8DC6-DE38F3361E78}.Release|Any CPU.Build.0 = Release|Any CPU
		{A576125E-4258-457D-8DC6-DE38F3361E78}.Release|Mixed Platforms.ActiveCfg = Release|x86
		{A576125E-4258-457D-8DC6-DE38F3361E78}.Release|Mixed Platforms.Build.0 = Release|x86
		{A576125E-4258-457D-8DC6-DE38F3361E78}.Release|x64.ActiveCfg = Release|x64
		{A576125E-4258-457D-8DC6-DE38F3361E78}.Release|x64.Build.0 = Release|x64
		{A576125E-4258-457D-8DC6-DE38F3361E78}.Release|x86.ActiveCfg = Release|x86
		{A576125E-4258-457D-8DC6-DE38F3361E78}.Release|x86.Build.0 = Release|x86
		{A576125E-4258-457D-8DC6-DE38F3361E78}.x64 debug|Any CPU.ActiveCfg = Release|Any CPU
		{A576125E-4258-457D-8DC6-DE38F3361E78}.x64 debug|Any CPU.Build.0 = Release|Any CPU
		{A576125E-4258-457D-8DC6-DE38F3361E78}.x64 debug|Mixed Platforms.ActiveCfg = Release|x86
		{A576125E-4258-457D-8DC6-DE38F3361E78}.x64 debug|Mixed Platforms.Build.0 = Release|x86
		{A576125E-4258-457D-8DC6-DE38F3361E78}.x64 debug|x64.ActiveCfg = Release|x64
		{A576125E-4258-457D-8DC6-DE38F3361E78}.x64 debug|x64.Build.0 = Release|x64
		{A576125E-4258-457D-8DC6-DE38F3361E78}.x64 debug|x86.ActiveCfg = Release|x86
		{A576125E-4258-457D-8DC6-DE38F3361E78}.x64 debug|x86.Build.0 = Release|x86
		{A576125E-4258-457D-8DC6-DE38F3361E78}.x86 debug|Any CPU.ActiveCfg = Release|Any CPU
		{A576125E-4258-457D-8DC6-DE38F3361E78}.x86 debug|Any CPU.Build.0 = Release|Any CPU
		{A576125E-4258-457D-8DC6-DE38F3361E78}.x86 debug|Mixed Platforms.ActiveCfg = Release|x86
		{A576125E-4258-457D-8DC6-DE38F3361E78}.x86 debug|Mixed Platforms.Build.0 = Release|x86
		{A576125E-4258-457D-8DC6-DE38F3361E78}.x86 debug|x64.ActiveCfg = Release|x64
		{A576125E-4258-457D-8DC6-DE38F3361E78}.x86 debug|x64.Build.0 = Release|x64
		{A576125E-4258-457D-8DC6-DE38F3361E78}.x86 debug|x86.ActiveCfg = Release|x86
		{A576125E-4258-457D-8DC6-DE38F3361E78}.x86 debug|x86.Build.0 = Release|x86
		{F59F625F-BD42-4B29-902D-CBBDF15BA7CC}.Debug|Any CPU.ActiveCfg = Debug|Any CPU
		{F59F625F-BD42-4B29-902D-CBBDF15BA7CC}.Debug|Any CPU.Build.0 = Debug|Any CPU
		{F59F625F-BD42-4B29-902D-CBBDF15BA7CC}.Debug|Mixed Platforms.ActiveCfg = Debug|Any CPU
		{F59F625F-BD42-4B29-902D-CBBDF15BA7CC}.Debug|Mixed Platforms.Build.0 = Debug|Any CPU
		{F59F625F-BD42-4B29-902D-CBBDF15BA7CC}.Debug|x64.ActiveCfg = Debug|x64
		{F59F625F-BD42-4B29-902D-CBBDF15BA7CC}.Debug|x64.Build.0 = Debug|x64
		{F59F625F-BD42-4B29-902D-CBBDF15BA7CC}.Debug|x86.ActiveCfg = Debug|x86
		{F59F625F-BD42-4B29-902D-CBBDF15BA7CC}.Debug|x86.Build.0 = Debug|x86
		{F59F625F-BD42-4B29-902D-CBBDF15BA7CC}.Release|Any CPU.ActiveCfg = Release|Any CPU
		{F59F625F-BD42-4B29-902D-CBBDF15BA7CC}.Release|Any CPU.Build.0 = Release|Any CPU
		{F59F625F-BD42-4B29-902D-CBBDF15BA7CC}.Release|Mixed Platforms.ActiveCfg = Release|x86
		{F59F625F-BD42-4B29-902D-CBBDF15BA7CC}.Release|Mixed Platforms.Build.0 = Release|x86
		{F59F625F-BD42-4B29-902D-CBBDF15BA7CC}.Release|x64.ActiveCfg = Release|x64
		{F59F625F-BD42-4B29-902D-CBBDF15BA7CC}.Release|x64.Build.0 = Release|x64
		{F59F625F-BD42-4B29-902D-CBBDF15BA7CC}.Release|x86.ActiveCfg = Release|x86
		{F59F625F-BD42-4B29-902D-CBBDF15BA7CC}.Release|x86.Build.0 = Release|x86
		{F59F625F-BD42-4B29-902D-CBBDF15BA7CC}.x64 debug|Any CPU.ActiveCfg = x64 debug|Any CPU
		{F59F625F-BD42-4B29-902D-CBBDF15BA7CC}.x64 debug|Any CPU.Build.0 = x64 debug|Any CPU
		{F59F625F-BD42-4B29-902D-CBBDF15BA7CC}.x64 debug|Mixed Platforms.ActiveCfg = x64 debug|x86
		{F59F625F-BD42-4B29-902D-CBBDF15BA7CC}.x64 debug|Mixed Platforms.Build.0 = x64 debug|x86
		{F59F625F-BD42-4B29-902D-CBBDF15BA7CC}.x64 debug|x64.ActiveCfg = x64 debug|x64
		{F59F625F-BD42-4B29-902D-CBBDF15BA7CC}.x64 debug|x64.Build.0 = x64 debug|x64
		{F59F625F-BD42-4B29-902D-CBBDF15BA7CC}.x64 debug|x86.ActiveCfg = x64 debug|x86
		{F59F625F-BD42-4B29-902D-CBBDF15BA7CC}.x64 debug|x86.Build.0 = x64 debug|x86
		{F59F625F-BD42-4B29-902D-CBBDF15BA7CC}.x86 debug|Any CPU.ActiveCfg = x86 debug|Any CPU
		{F59F625F-BD42-4B29-902D-CBBDF15BA7CC}.x86 debug|Any CPU.Build.0 = x86 debug|Any CPU
		{F59F625F-BD42-4B29-902D-CBBDF15BA7CC}.x86 debug|Mixed Platforms.ActiveCfg = x86 debug|x86
		{F59F625F-BD42-4B29-902D-CBBDF15BA7CC}.x86 debug|Mixed Platforms.Build.0 = x86 debug|x86
		{F59F625F-BD42-4B29-902D-CBBDF15BA7CC}.x86 debug|x64.ActiveCfg = x86 debug|x64
		{F59F625F-BD42-4B29-902D-CBBDF15BA7CC}.x86 debug|x64.Build.0 = x86 debug|x64
		{F59F625F-BD42-4B29-902D-CBBDF15BA7CC}.x86 debug|x86.ActiveCfg = x86 debug|x86
		{F59F625F-BD42-4B29-902D-CBBDF15BA7CC}.x86 debug|x86.Build.0 = x86 debug|x86
		{9B599ED7-03BF-409A-B10B-E705C0794714}.Debug|Any CPU.ActiveCfg = Debug|Any CPU
		{9B599ED7-03BF-409A-B10B-E705C0794714}.Debug|Any CPU.Build.0 = Debug|Any CPU
		{9B599ED7-03BF-409A-B10B-E705C0794714}.Debug|Mixed Platforms.ActiveCfg = Debug|x86
		{9B599ED7-03BF-409A-B10B-E705C0794714}.Debug|Mixed Platforms.Build.0 = Debug|x86
		{9B599ED7-03BF-409A-B10B-E705C0794714}.Debug|x64.ActiveCfg = Debug|Any CPU
		{9B599ED7-03BF-409A-B10B-E705C0794714}.Debug|x86.ActiveCfg = Debug|x86
		{9B599ED7-03BF-409A-B10B-E705C0794714}.Debug|x86.Build.0 = Debug|x86
		{9B599ED7-03BF-409A-B10B-E705C0794714}.Release|Any CPU.ActiveCfg = Release|Any CPU
		{9B599ED7-03BF-409A-B10B-E705C0794714}.Release|Any CPU.Build.0 = Release|Any CPU
		{9B599ED7-03BF-409A-B10B-E705C0794714}.Release|Mixed Platforms.ActiveCfg = Release|x86
		{9B599ED7-03BF-409A-B10B-E705C0794714}.Release|Mixed Platforms.Build.0 = Release|x86
		{9B599ED7-03BF-409A-B10B-E705C0794714}.Release|x64.ActiveCfg = Release|Any CPU
		{9B599ED7-03BF-409A-B10B-E705C0794714}.Release|x86.ActiveCfg = Release|x86
		{9B599ED7-03BF-409A-B10B-E705C0794714}.Release|x86.Build.0 = Release|x86
		{9B599ED7-03BF-409A-B10B-E705C0794714}.x64 debug|Any CPU.ActiveCfg = Release|Any CPU
		{9B599ED7-03BF-409A-B10B-E705C0794714}.x64 debug|Any CPU.Build.0 = Release|Any CPU
		{9B599ED7-03BF-409A-B10B-E705C0794714}.x64 debug|Mixed Platforms.ActiveCfg = Release|x86
		{9B599ED7-03BF-409A-B10B-E705C0794714}.x64 debug|Mixed Platforms.Build.0 = Release|x86
		{9B599ED7-03BF-409A-B10B-E705C0794714}.x64 debug|x64.ActiveCfg = Release|Any CPU
		{9B599ED7-03BF-409A-B10B-E705C0794714}.x64 debug|x86.ActiveCfg = Release|x86
		{9B599ED7-03BF-409A-B10B-E705C0794714}.x64 debug|x86.Build.0 = Release|x86
		{9B599ED7-03BF-409A-B10B-E705C0794714}.x86 debug|Any CPU.ActiveCfg = Release|Any CPU
		{9B599ED7-03BF-409A-B10B-E705C0794714}.x86 debug|Any CPU.Build.0 = Release|Any CPU
		{9B599ED7-03BF-409A-B10B-E705C0794714}.x86 debug|Mixed Platforms.ActiveCfg = Release|x86
		{9B599ED7-03BF-409A-B10B-E705C0794714}.x86 debug|Mixed Platforms.Build.0 = Release|x86
		{9B599ED7-03BF-409A-B10B-E705C0794714}.x86 debug|x64.ActiveCfg = Release|Any CPU
		{9B599ED7-03BF-409A-B10B-E705C0794714}.x86 debug|x86.ActiveCfg = Release|x86
		{9B599ED7-03BF-409A-B10B-E705C0794714}.x86 debug|x86.Build.0 = Release|x86
		{EB8CAF4D-21CE-4B23-A3A6-931CB3B49054}.Debug|Any CPU.ActiveCfg = Debug|Any CPU
		{EB8CAF4D-21CE-4B23-A3A6-931CB3B49054}.Debug|Any CPU.Build.0 = Debug|Any CPU
		{EB8CAF4D-21CE-4B23-A3A6-931CB3B49054}.Debug|Mixed Platforms.ActiveCfg = Debug|Any CPU
		{EB8CAF4D-21CE-4B23-A3A6-931CB3B49054}.Debug|Mixed Platforms.Build.0 = Debug|Any CPU
		{EB8CAF4D-21CE-4B23-A3A6-931CB3B49054}.Debug|x64.ActiveCfg = Debug|Any CPU
		{EB8CAF4D-21CE-4B23-A3A6-931CB3B49054}.Debug|x86.ActiveCfg = Debug|Any CPU
		{EB8CAF4D-21CE-4B23-A3A6-931CB3B49054}.Release|Any CPU.ActiveCfg = Release|Any CPU
		{EB8CAF4D-21CE-4B23-A3A6-931CB3B49054}.Release|Any CPU.Build.0 = Release|Any CPU
		{EB8CAF4D-21CE-4B23-A3A6-931CB3B49054}.Release|Mixed Platforms.ActiveCfg = Release|Any CPU
		{EB8CAF4D-21CE-4B23-A3A6-931CB3B49054}.Release|Mixed Platforms.Build.0 = Release|Any CPU
		{EB8CAF4D-21CE-4B23-A3A6-931CB3B49054}.Release|x64.ActiveCfg = Release|Any CPU
		{EB8CAF4D-21CE-4B23-A3A6-931CB3B49054}.Release|x86.ActiveCfg = Release|Any CPU
		{EB8CAF4D-21CE-4B23-A3A6-931CB3B49054}.x64 debug|Any CPU.ActiveCfg = Release|Any CPU
		{EB8CAF4D-21CE-4B23-A3A6-931CB3B49054}.x64 debug|Any CPU.Build.0 = Release|Any CPU
		{EB8CAF4D-21CE-4B23-A3A6-931CB3B49054}.x64 debug|Mixed Platforms.ActiveCfg = Release|Any CPU
		{EB8CAF4D-21CE-4B23-A3A6-931CB3B49054}.x64 debug|Mixed Platforms.Build.0 = Release|Any CPU
		{EB8CAF4D-21CE-4B23-A3A6-931CB3B49054}.x64 debug|x64.ActiveCfg = Release|Any CPU
		{EB8CAF4D-21CE-4B23-A3A6-931CB3B49054}.x64 debug|x86.ActiveCfg = Release|Any CPU
		{EB8CAF4D-21CE-4B23-A3A6-931CB3B49054}.x86 debug|Any CPU.ActiveCfg = Release|Any CPU
		{EB8CAF4D-21CE-4B23-A3A6-931CB3B49054}.x86 debug|Any CPU.Build.0 = Release|Any CPU
		{EB8CAF4D-21CE-4B23-A3A6-931CB3B49054}.x86 debug|Mixed Platforms.ActiveCfg = Release|Any CPU
		{EB8CAF4D-21CE-4B23-A3A6-931CB3B49054}.x86 debug|Mixed Platforms.Build.0 = Release|Any CPU
		{EB8CAF4D-21CE-4B23-A3A6-931CB3B49054}.x86 debug|x64.ActiveCfg = Release|Any CPU
		{EB8CAF4D-21CE-4B23-A3A6-931CB3B49054}.x86 debug|x86.ActiveCfg = Release|Any CPU
		{8496BD4F-4362-4C52-BDE7-30BE7B094206}.Debug|Any CPU.ActiveCfg = Debug|Any CPU
		{8496BD4F-4362-4C52-BDE7-30BE7B094206}.Debug|Mixed Platforms.ActiveCfg = Debug|Any CPU
		{8496BD4F-4362-4C52-BDE7-30BE7B094206}.Debug|x64.ActiveCfg = Debug|Any CPU
		{8496BD4F-4362-4C52-BDE7-30BE7B094206}.Debug|x86.ActiveCfg = Debug|Any CPU
		{8496BD4F-4362-4C52-BDE7-30BE7B094206}.Release|Any CPU.ActiveCfg = Release|Any CPU
		{8496BD4F-4362-4C52-BDE7-30BE7B094206}.Release|Any CPU.Build.0 = Release|Any CPU
		{8496BD4F-4362-4C52-BDE7-30BE7B094206}.Release|Mixed Platforms.ActiveCfg = Release|Any CPU
		{8496BD4F-4362-4C52-BDE7-30BE7B094206}.Release|Mixed Platforms.Build.0 = Release|Any CPU
		{8496BD4F-4362-4C52-BDE7-30BE7B094206}.Release|x64.ActiveCfg = Release|Any CPU
		{8496BD4F-4362-4C52-BDE7-30BE7B094206}.Release|x86.ActiveCfg = Release|Any CPU
		{8496BD4F-4362-4C52-BDE7-30BE7B094206}.x64 debug|Any CPU.ActiveCfg = Release|Any CPU
		{8496BD4F-4362-4C52-BDE7-30BE7B094206}.x64 debug|Any CPU.Build.0 = Release|Any CPU
		{8496BD4F-4362-4C52-BDE7-30BE7B094206}.x64 debug|Mixed Platforms.ActiveCfg = Release|Any CPU
		{8496BD4F-4362-4C52-BDE7-30BE7B094206}.x64 debug|Mixed Platforms.Build.0 = Release|Any CPU
		{8496BD4F-4362-4C52-BDE7-30BE7B094206}.x64 debug|x64.ActiveCfg = Release|Any CPU
		{8496BD4F-4362-4C52-BDE7-30BE7B094206}.x64 debug|x86.ActiveCfg = Release|Any CPU
		{8496BD4F-4362-4C52-BDE7-30BE7B094206}.x86 debug|Any CPU.ActiveCfg = Release|Any CPU
		{8496BD4F-4362-4C52-BDE7-30BE7B094206}.x86 debug|Any CPU.Build.0 = Release|Any CPU
		{8496BD4F-4362-4C52-BDE7-30BE7B094206}.x86 debug|Mixed Platforms.ActiveCfg = Release|Any CPU
		{8496BD4F-4362-4C52-BDE7-30BE7B094206}.x86 debug|Mixed Platforms.Build.0 = Release|Any CPU
		{8496BD4F-4362-4C52-BDE7-30BE7B094206}.x86 debug|x64.ActiveCfg = Release|Any CPU
		{8496BD4F-4362-4C52-BDE7-30BE7B094206}.x86 debug|x86.ActiveCfg = Release|Any CPU
		{F5725ECD-728C-48A3-810D-CEEE13F5F0F7}.Debug|Any CPU.ActiveCfg = Debug|Any CPU
		{F5725ECD-728C-48A3-810D-CEEE13F5F0F7}.Debug|Mixed Platforms.ActiveCfg = Debug|Any CPU
		{F5725ECD-728C-48A3-810D-CEEE13F5F0F7}.Debug|x64.ActiveCfg = Debug|Any CPU
		{F5725ECD-728C-48A3-810D-CEEE13F5F0F7}.Debug|x86.ActiveCfg = Debug|Any CPU
		{F5725ECD-728C-48A3-810D-CEEE13F5F0F7}.Release|Any CPU.ActiveCfg = Release|Any CPU
		{F5725ECD-728C-48A3-810D-CEEE13F5F0F7}.Release|Any CPU.Build.0 = Release|Any CPU
		{F5725ECD-728C-48A3-810D-CEEE13F5F0F7}.Release|Mixed Platforms.ActiveCfg = Release|Any CPU
		{F5725ECD-728C-48A3-810D-CEEE13F5F0F7}.Release|Mixed Platforms.Build.0 = Release|Any CPU
		{F5725ECD-728C-48A3-810D-CEEE13F5F0F7}.Release|x64.ActiveCfg = Release|Any CPU
		{F5725ECD-728C-48A3-810D-CEEE13F5F0F7}.Release|x86.ActiveCfg = Release|Any CPU
		{F5725ECD-728C-48A3-810D-CEEE13F5F0F7}.x64 debug|Any CPU.ActiveCfg = Release|Any CPU
		{F5725ECD-728C-48A3-810D-CEEE13F5F0F7}.x64 debug|Any CPU.Build.0 = Release|Any CPU
		{F5725ECD-728C-48A3-810D-CEEE13F5F0F7}.x64 debug|Mixed Platforms.ActiveCfg = Release|Any CPU
		{F5725ECD-728C-48A3-810D-CEEE13F5F0F7}.x64 debug|Mixed Platforms.Build.0 = Release|Any CPU
		{F5725ECD-728C-48A3-810D-CEEE13F5F0F7}.x64 debug|x64.ActiveCfg = Release|Any CPU
		{F5725ECD-728C-48A3-810D-CEEE13F5F0F7}.x64 debug|x86.ActiveCfg = Release|Any CPU
		{F5725ECD-728C-48A3-810D-CEEE13F5F0F7}.x86 debug|Any CPU.ActiveCfg = Release|Any CPU
		{F5725ECD-728C-48A3-810D-CEEE13F5F0F7}.x86 debug|Any CPU.Build.0 = Release|Any CPU
		{F5725ECD-728C-48A3-810D-CEEE13F5F0F7}.x86 debug|Mixed Platforms.ActiveCfg = Release|Any CPU
		{F5725ECD-728C-48A3-810D-CEEE13F5F0F7}.x86 debug|Mixed Platforms.Build.0 = Release|Any CPU
		{F5725ECD-728C-48A3-810D-CEEE13F5F0F7}.x86 debug|x64.ActiveCfg = Release|Any CPU
		{F5725ECD-728C-48A3-810D-CEEE13F5F0F7}.x86 debug|x86.ActiveCfg = Release|Any CPU
		{7576373E-AC0E-41CD-BF31-915D237D6FFF}.Debug|Any CPU.ActiveCfg = Debug|Any CPU
		{7576373E-AC0E-41CD-BF31-915D237D6FFF}.Debug|Any CPU.Build.0 = Debug|Any CPU
		{7576373E-AC0E-41CD-BF31-915D237D6FFF}.Debug|Mixed Platforms.ActiveCfg = Debug|Any CPU
		{7576373E-AC0E-41CD-BF31-915D237D6FFF}.Debug|Mixed Platforms.Build.0 = Debug|Any CPU
		{7576373E-AC0E-41CD-BF31-915D237D6FFF}.Debug|x64.ActiveCfg = Debug|Any CPU
		{7576373E-AC0E-41CD-BF31-915D237D6FFF}.Debug|x86.ActiveCfg = Debug|Any CPU
		{7576373E-AC0E-41CD-BF31-915D237D6FFF}.Release|Any CPU.ActiveCfg = Release|Any CPU
		{7576373E-AC0E-41CD-BF31-915D237D6FFF}.Release|Any CPU.Build.0 = Release|Any CPU
		{7576373E-AC0E-41CD-BF31-915D237D6FFF}.Release|Mixed Platforms.ActiveCfg = Release|Any CPU
		{7576373E-AC0E-41CD-BF31-915D237D6FFF}.Release|Mixed Platforms.Build.0 = Release|Any CPU
		{7576373E-AC0E-41CD-BF31-915D237D6FFF}.Release|x64.ActiveCfg = Release|Any CPU
		{7576373E-AC0E-41CD-BF31-915D237D6FFF}.Release|x86.ActiveCfg = Release|Any CPU
		{7576373E-AC0E-41CD-BF31-915D237D6FFF}.x64 debug|Any CPU.ActiveCfg = Release|Any CPU
		{7576373E-AC0E-41CD-BF31-915D237D6FFF}.x64 debug|Any CPU.Build.0 = Release|Any CPU
		{7576373E-AC0E-41CD-BF31-915D237D6FFF}.x64 debug|Mixed Platforms.ActiveCfg = Release|Any CPU
		{7576373E-AC0E-41CD-BF31-915D237D6FFF}.x64 debug|Mixed Platforms.Build.0 = Release|Any CPU
		{7576373E-AC0E-41CD-BF31-915D237D6FFF}.x64 debug|x64.ActiveCfg = Release|Any CPU
		{7576373E-AC0E-41CD-BF31-915D237D6FFF}.x64 debug|x86.ActiveCfg = Release|Any CPU
		{7576373E-AC0E-41CD-BF31-915D237D6FFF}.x86 debug|Any CPU.ActiveCfg = Release|Any CPU
		{7576373E-AC0E-41CD-BF31-915D237D6FFF}.x86 debug|Any CPU.Build.0 = Release|Any CPU
		{7576373E-AC0E-41CD-BF31-915D237D6FFF}.x86 debug|Mixed Platforms.ActiveCfg = Release|Any CPU
		{7576373E-AC0E-41CD-BF31-915D237D6FFF}.x86 debug|Mixed Platforms.Build.0 = Release|Any CPU
		{7576373E-AC0E-41CD-BF31-915D237D6FFF}.x86 debug|x64.ActiveCfg = Release|Any CPU
		{7576373E-AC0E-41CD-BF31-915D237D6FFF}.x86 debug|x86.ActiveCfg = Release|Any CPU
		{214DEA97-D163-43A6-9B15-794E8239C238}.Debug|Any CPU.ActiveCfg = Debug|Any CPU
		{214DEA97-D163-43A6-9B15-794E8239C238}.Debug|Any CPU.Build.0 = Debug|Any CPU
		{214DEA97-D163-43A6-9B15-794E8239C238}.Debug|Mixed Platforms.ActiveCfg = Debug|Any CPU
		{214DEA97-D163-43A6-9B15-794E8239C238}.Debug|Mixed Platforms.Build.0 = Debug|Any CPU
		{214DEA97-D163-43A6-9B15-794E8239C238}.Debug|x64.ActiveCfg = Debug|Any CPU
		{214DEA97-D163-43A6-9B15-794E8239C238}.Debug|x86.ActiveCfg = Debug|Any CPU
		{214DEA97-D163-43A6-9B15-794E8239C238}.Release|Any CPU.ActiveCfg = Release|Any CPU
		{214DEA97-D163-43A6-9B15-794E8239C238}.Release|Any CPU.Build.0 = Release|Any CPU
		{214DEA97-D163-43A6-9B15-794E8239C238}.Release|Mixed Platforms.ActiveCfg = Release|Any CPU
		{214DEA97-D163-43A6-9B15-794E8239C238}.Release|Mixed Platforms.Build.0 = Release|Any CPU
		{214DEA97-D163-43A6-9B15-794E8239C238}.Release|x64.ActiveCfg = Release|Any CPU
		{214DEA97-D163-43A6-9B15-794E8239C238}.Release|x86.ActiveCfg = Release|Any CPU
		{214DEA97-D163-43A6-9B15-794E8239C238}.x64 debug|Any CPU.ActiveCfg = Release|Any CPU
		{214DEA97-D163-43A6-9B15-794E8239C238}.x64 debug|Any CPU.Build.0 = Release|Any CPU
		{214DEA97-D163-43A6-9B15-794E8239C238}.x64 debug|Mixed Platforms.ActiveCfg = Release|Any CPU
		{214DEA97-D163-43A6-9B15-794E8239C238}.x64 debug|Mixed Platforms.Build.0 = Release|Any CPU
		{214DEA97-D163-43A6-9B15-794E8239C238}.x64 debug|x64.ActiveCfg = Release|Any CPU
		{214DEA97-D163-43A6-9B15-794E8239C238}.x64 debug|x86.ActiveCfg = Release|Any CPU
		{214DEA97-D163-43A6-9B15-794E8239C238}.x86 debug|Any CPU.ActiveCfg = Release|Any CPU
		{214DEA97-D163-43A6-9B15-794E8239C238}.x86 debug|Any CPU.Build.0 = Release|Any CPU
		{214DEA97-D163-43A6-9B15-794E8239C238}.x86 debug|Mixed Platforms.ActiveCfg = Release|Any CPU
		{214DEA97-D163-43A6-9B15-794E8239C238}.x86 debug|Mixed Platforms.Build.0 = Release|Any CPU
		{214DEA97-D163-43A6-9B15-794E8239C238}.x86 debug|x64.ActiveCfg = Release|Any CPU
		{214DEA97-D163-43A6-9B15-794E8239C238}.x86 debug|x86.ActiveCfg = Release|Any CPU
		{C66058B8-7B53-474F-A7DB-537503682FC7}.Debug|Any CPU.ActiveCfg = Debug|Any CPU
		{C66058B8-7B53-474F-A7DB-537503682FC7}.Debug|Any CPU.Build.0 = Debug|Any CPU
		{C66058B8-7B53-474F-A7DB-537503682FC7}.Debug|Mixed Platforms.ActiveCfg = Debug|Any CPU
		{C66058B8-7B53-474F-A7DB-537503682FC7}.Debug|Mixed Platforms.Build.0 = Debug|Any CPU
		{C66058B8-7B53-474F-A7DB-537503682FC7}.Debug|x64.ActiveCfg = Debug|Any CPU
		{C66058B8-7B53-474F-A7DB-537503682FC7}.Debug|x86.ActiveCfg = Debug|Any CPU
		{C66058B8-7B53-474F-A7DB-537503682FC7}.Release|Any CPU.ActiveCfg = Release|Any CPU
		{C66058B8-7B53-474F-A7DB-537503682FC7}.Release|Any CPU.Build.0 = Release|Any CPU
		{C66058B8-7B53-474F-A7DB-537503682FC7}.Release|Mixed Platforms.ActiveCfg = Release|Any CPU
		{C66058B8-7B53-474F-A7DB-537503682FC7}.Release|Mixed Platforms.Build.0 = Release|Any CPU
		{C66058B8-7B53-474F-A7DB-537503682FC7}.Release|x64.ActiveCfg = Release|Any CPU
		{C66058B8-7B53-474F-A7DB-537503682FC7}.Release|x86.ActiveCfg = Release|Any CPU
		{C66058B8-7B53-474F-A7DB-537503682FC7}.x64 debug|Any CPU.ActiveCfg = Release|Any CPU
		{C66058B8-7B53-474F-A7DB-537503682FC7}.x64 debug|Any CPU.Build.0 = Release|Any CPU
		{C66058B8-7B53-474F-A7DB-537503682FC7}.x64 debug|Mixed Platforms.ActiveCfg = Release|Any CPU
		{C66058B8-7B53-474F-A7DB-537503682FC7}.x64 debug|Mixed Platforms.Build.0 = Release|Any CPU
		{C66058B8-7B53-474F-A7DB-537503682FC7}.x64 debug|x64.ActiveCfg = Release|Any CPU
		{C66058B8-7B53-474F-A7DB-537503682FC7}.x64 debug|x86.ActiveCfg = Release|Any CPU
		{C66058B8-7B53-474F-A7DB-537503682FC7}.x86 debug|Any CPU.ActiveCfg = Release|Any CPU
		{C66058B8-7B53-474F-A7DB-537503682FC7}.x86 debug|Any CPU.Build.0 = Release|Any CPU
		{C66058B8-7B53-474F-A7DB-537503682FC7}.x86 debug|Mixed Platforms.ActiveCfg = Release|Any CPU
		{C66058B8-7B53-474F-A7DB-537503682FC7}.x86 debug|Mixed Platforms.Build.0 = Release|Any CPU
		{C66058B8-7B53-474F-A7DB-537503682FC7}.x86 debug|x64.ActiveCfg = Release|Any CPU
		{C66058B8-7B53-474F-A7DB-537503682FC7}.x86 debug|x86.ActiveCfg = Release|Any CPU
		{5B4191D5-2B47-4CAC-9EA9-CCA27137C03D}.Debug|Any CPU.ActiveCfg = Debug|Any CPU
		{5B4191D5-2B47-4CAC-9EA9-CCA27137C03D}.Debug|Any CPU.Build.0 = Debug|Any CPU
		{5B4191D5-2B47-4CAC-9EA9-CCA27137C03D}.Debug|Mixed Platforms.ActiveCfg = Debug|x64
		{5B4191D5-2B47-4CAC-9EA9-CCA27137C03D}.Debug|Mixed Platforms.Build.0 = Debug|x64
		{5B4191D5-2B47-4CAC-9EA9-CCA27137C03D}.Debug|x64.ActiveCfg = Debug|Any CPU
		{5B4191D5-2B47-4CAC-9EA9-CCA27137C03D}.Debug|x86.ActiveCfg = Debug|x86
		{5B4191D5-2B47-4CAC-9EA9-CCA27137C03D}.Debug|x86.Build.0 = Debug|x86
		{5B4191D5-2B47-4CAC-9EA9-CCA27137C03D}.Release|Any CPU.ActiveCfg = Release|Any CPU
		{5B4191D5-2B47-4CAC-9EA9-CCA27137C03D}.Release|Any CPU.Build.0 = Release|Any CPU
		{5B4191D5-2B47-4CAC-9EA9-CCA27137C03D}.Release|Mixed Platforms.ActiveCfg = Release|x86
		{5B4191D5-2B47-4CAC-9EA9-CCA27137C03D}.Release|Mixed Platforms.Build.0 = Release|x86
		{5B4191D5-2B47-4CAC-9EA9-CCA27137C03D}.Release|x64.ActiveCfg = Release|Any CPU
		{5B4191D5-2B47-4CAC-9EA9-CCA27137C03D}.Release|x86.ActiveCfg = Release|x86
		{5B4191D5-2B47-4CAC-9EA9-CCA27137C03D}.Release|x86.Build.0 = Release|x86
		{5B4191D5-2B47-4CAC-9EA9-CCA27137C03D}.x64 debug|Any CPU.ActiveCfg = Release|Any CPU
		{5B4191D5-2B47-4CAC-9EA9-CCA27137C03D}.x64 debug|Any CPU.Build.0 = Release|Any CPU
		{5B4191D5-2B47-4CAC-9EA9-CCA27137C03D}.x64 debug|Mixed Platforms.ActiveCfg = Release|x86
		{5B4191D5-2B47-4CAC-9EA9-CCA27137C03D}.x64 debug|Mixed Platforms.Build.0 = Release|x86
		{5B4191D5-2B47-4CAC-9EA9-CCA27137C03D}.x64 debug|x64.ActiveCfg = Release|Any CPU
		{5B4191D5-2B47-4CAC-9EA9-CCA27137C03D}.x64 debug|x86.ActiveCfg = Release|x86
		{5B4191D5-2B47-4CAC-9EA9-CCA27137C03D}.x64 debug|x86.Build.0 = Release|x86
		{5B4191D5-2B47-4CAC-9EA9-CCA27137C03D}.x86 debug|Any CPU.ActiveCfg = Release|Any CPU
		{5B4191D5-2B47-4CAC-9EA9-CCA27137C03D}.x86 debug|Any CPU.Build.0 = Release|Any CPU
		{5B4191D5-2B47-4CAC-9EA9-CCA27137C03D}.x86 debug|Mixed Platforms.ActiveCfg = Release|x86
		{5B4191D5-2B47-4CAC-9EA9-CCA27137C03D}.x86 debug|Mixed Platforms.Build.0 = Release|x86
		{5B4191D5-2B47-4CAC-9EA9-CCA27137C03D}.x86 debug|x64.ActiveCfg = Release|Any CPU
		{5B4191D5-2B47-4CAC-9EA9-CCA27137C03D}.x86 debug|x86.ActiveCfg = Release|x86
		{5B4191D5-2B47-4CAC-9EA9-CCA27137C03D}.x86 debug|x86.Build.0 = Release|x86
		{2CC0D703-5AFD-4DCC-807C-D8BACAE4DCB6}.Debug|Any CPU.ActiveCfg = Debug|Any CPU
		{2CC0D703-5AFD-4DCC-807C-D8BACAE4DCB6}.Debug|Any CPU.Build.0 = Debug|Any CPU
		{2CC0D703-5AFD-4DCC-807C-D8BACAE4DCB6}.Debug|Mixed Platforms.ActiveCfg = Debug|Any CPU
		{2CC0D703-5AFD-4DCC-807C-D8BACAE4DCB6}.Debug|Mixed Platforms.Build.0 = Debug|Any CPU
		{2CC0D703-5AFD-4DCC-807C-D8BACAE4DCB6}.Debug|x64.ActiveCfg = Debug|x64
		{2CC0D703-5AFD-4DCC-807C-D8BACAE4DCB6}.Debug|x64.Build.0 = Debug|x64
		{2CC0D703-5AFD-4DCC-807C-D8BACAE4DCB6}.Debug|x86.ActiveCfg = Debug|x86
		{2CC0D703-5AFD-4DCC-807C-D8BACAE4DCB6}.Debug|x86.Build.0 = Debug|x86
		{2CC0D703-5AFD-4DCC-807C-D8BACAE4DCB6}.Release|Any CPU.ActiveCfg = Release|Any CPU
		{2CC0D703-5AFD-4DCC-807C-D8BACAE4DCB6}.Release|Any CPU.Build.0 = Release|Any CPU
		{2CC0D703-5AFD-4DCC-807C-D8BACAE4DCB6}.Release|Mixed Platforms.ActiveCfg = Release|x86
		{2CC0D703-5AFD-4DCC-807C-D8BACAE4DCB6}.Release|Mixed Platforms.Build.0 = Release|x86
		{2CC0D703-5AFD-4DCC-807C-D8BACAE4DCB6}.Release|x64.ActiveCfg = Release|x64
		{2CC0D703-5AFD-4DCC-807C-D8BACAE4DCB6}.Release|x64.Build.0 = Release|x64
		{2CC0D703-5AFD-4DCC-807C-D8BACAE4DCB6}.Release|x86.ActiveCfg = Release|x86
		{2CC0D703-5AFD-4DCC-807C-D8BACAE4DCB6}.Release|x86.Build.0 = Release|x86
		{2CC0D703-5AFD-4DCC-807C-D8BACAE4DCB6}.x64 debug|Any CPU.ActiveCfg = x64 debug|Any CPU
		{2CC0D703-5AFD-4DCC-807C-D8BACAE4DCB6}.x64 debug|Any CPU.Build.0 = x64 debug|Any CPU
		{2CC0D703-5AFD-4DCC-807C-D8BACAE4DCB6}.x64 debug|Mixed Platforms.ActiveCfg = x64 debug|x86
		{2CC0D703-5AFD-4DCC-807C-D8BACAE4DCB6}.x64 debug|Mixed Platforms.Build.0 = x64 debug|x86
		{2CC0D703-5AFD-4DCC-807C-D8BACAE4DCB6}.x64 debug|x64.ActiveCfg = x64 debug|x64
		{2CC0D703-5AFD-4DCC-807C-D8BACAE4DCB6}.x64 debug|x64.Build.0 = x64 debug|x64
		{2CC0D703-5AFD-4DCC-807C-D8BACAE4DCB6}.x64 debug|x86.ActiveCfg = x64 debug|x86
		{2CC0D703-5AFD-4DCC-807C-D8BACAE4DCB6}.x64 debug|x86.Build.0 = x64 debug|x86
		{2CC0D703-5AFD-4DCC-807C-D8BACAE4DCB6}.x86 debug|Any CPU.ActiveCfg = x86 debug|Any CPU
		{2CC0D703-5AFD-4DCC-807C-D8BACAE4DCB6}.x86 debug|Any CPU.Build.0 = x86 debug|Any CPU
		{2CC0D703-5AFD-4DCC-807C-D8BACAE4DCB6}.x86 debug|Mixed Platforms.ActiveCfg = x86 debug|x86
		{2CC0D703-5AFD-4DCC-807C-D8BACAE4DCB6}.x86 debug|Mixed Platforms.Build.0 = x86 debug|x86
		{2CC0D703-5AFD-4DCC-807C-D8BACAE4DCB6}.x86 debug|x64.ActiveCfg = x86 debug|x64
		{2CC0D703-5AFD-4DCC-807C-D8BACAE4DCB6}.x86 debug|x64.Build.0 = x86 debug|x64
		{2CC0D703-5AFD-4DCC-807C-D8BACAE4DCB6}.x86 debug|x86.ActiveCfg = x86 debug|x86
		{2CC0D703-5AFD-4DCC-807C-D8BACAE4DCB6}.x86 debug|x86.Build.0 = x86 debug|x86
		{99B93EB7-4D9C-42B8-8FE8-AAC974539305}.Debug|Any CPU.ActiveCfg = Debug|Any CPU
		{99B93EB7-4D9C-42B8-8FE8-AAC974539305}.Debug|Any CPU.Build.0 = Debug|Any CPU
		{99B93EB7-4D9C-42B8-8FE8-AAC974539305}.Debug|Mixed Platforms.ActiveCfg = Debug|Any CPU
		{99B93EB7-4D9C-42B8-8FE8-AAC974539305}.Debug|Mixed Platforms.Build.0 = Debug|Any CPU
		{99B93EB7-4D9C-42B8-8FE8-AAC974539305}.Debug|x64.ActiveCfg = Debug|x64
		{99B93EB7-4D9C-42B8-8FE8-AAC974539305}.Debug|x64.Build.0 = Debug|x64
		{99B93EB7-4D9C-42B8-8FE8-AAC974539305}.Debug|x86.ActiveCfg = Debug|x86
		{99B93EB7-4D9C-42B8-8FE8-AAC974539305}.Debug|x86.Build.0 = Debug|x86
		{99B93EB7-4D9C-42B8-8FE8-AAC974539305}.Release|Any CPU.ActiveCfg = Release|Any CPU
		{99B93EB7-4D9C-42B8-8FE8-AAC974539305}.Release|Any CPU.Build.0 = Release|Any CPU
		{99B93EB7-4D9C-42B8-8FE8-AAC974539305}.Release|Mixed Platforms.ActiveCfg = Release|x86
		{99B93EB7-4D9C-42B8-8FE8-AAC974539305}.Release|Mixed Platforms.Build.0 = Release|x86
		{99B93EB7-4D9C-42B8-8FE8-AAC974539305}.Release|x64.ActiveCfg = Release|x64
		{99B93EB7-4D9C-42B8-8FE8-AAC974539305}.Release|x64.Build.0 = Release|x64
		{99B93EB7-4D9C-42B8-8FE8-AAC974539305}.Release|x86.ActiveCfg = Release|x86
		{99B93EB7-4D9C-42B8-8FE8-AAC974539305}.Release|x86.Build.0 = Release|x86
		{99B93EB7-4D9C-42B8-8FE8-AAC974539305}.x64 debug|Any CPU.ActiveCfg = x64 debug|Any CPU
		{99B93EB7-4D9C-42B8-8FE8-AAC974539305}.x64 debug|Any CPU.Build.0 = x64 debug|Any CPU
		{99B93EB7-4D9C-42B8-8FE8-AAC974539305}.x64 debug|Mixed Platforms.ActiveCfg = x64 debug|x86
		{99B93EB7-4D9C-42B8-8FE8-AAC974539305}.x64 debug|Mixed Platforms.Build.0 = x64 debug|x86
		{99B93EB7-4D9C-42B8-8FE8-AAC974539305}.x64 debug|x64.ActiveCfg = x64 debug|x64
		{99B93EB7-4D9C-42B8-8FE8-AAC974539305}.x64 debug|x64.Build.0 = x64 debug|x64
		{99B93EB7-4D9C-42B8-8FE8-AAC974539305}.x64 debug|x86.ActiveCfg = x64 debug|x86
		{99B93EB7-4D9C-42B8-8FE8-AAC974539305}.x64 debug|x86.Build.0 = x64 debug|x86
		{99B93EB7-4D9C-42B8-8FE8-AAC974539305}.x86 debug|Any CPU.ActiveCfg = x86 debug|Any CPU
		{99B93EB7-4D9C-42B8-8FE8-AAC974539305}.x86 debug|Any CPU.Build.0 = x86 debug|Any CPU
		{99B93EB7-4D9C-42B8-8FE8-AAC974539305}.x86 debug|Mixed Platforms.ActiveCfg = x86 debug|x86
		{99B93EB7-4D9C-42B8-8FE8-AAC974539305}.x86 debug|Mixed Platforms.Build.0 = x86 debug|x86
		{99B93EB7-4D9C-42B8-8FE8-AAC974539305}.x86 debug|x64.ActiveCfg = x86 debug|x64
		{99B93EB7-4D9C-42B8-8FE8-AAC974539305}.x86 debug|x64.Build.0 = x86 debug|x64
		{99B93EB7-4D9C-42B8-8FE8-AAC974539305}.x86 debug|x86.ActiveCfg = x86 debug|x86
		{99B93EB7-4D9C-42B8-8FE8-AAC974539305}.x86 debug|x86.Build.0 = x86 debug|x86
		{00E8AA36-C620-4EE0-81FF-8F0FE68951AC}.Debug|Any CPU.ActiveCfg = Debug|Any CPU
		{00E8AA36-C620-4EE0-81FF-8F0FE68951AC}.Debug|Any CPU.Build.0 = Debug|Any CPU
		{00E8AA36-C620-4EE0-81FF-8F0FE68951AC}.Debug|Mixed Platforms.ActiveCfg = Debug|Any CPU
		{00E8AA36-C620-4EE0-81FF-8F0FE68951AC}.Debug|Mixed Platforms.Build.0 = Debug|Any CPU
		{00E8AA36-C620-4EE0-81FF-8F0FE68951AC}.Debug|x64.ActiveCfg = Debug|x64
		{00E8AA36-C620-4EE0-81FF-8F0FE68951AC}.Debug|x64.Build.0 = Debug|x64
		{00E8AA36-C620-4EE0-81FF-8F0FE68951AC}.Debug|x86.ActiveCfg = Debug|x86
		{00E8AA36-C620-4EE0-81FF-8F0FE68951AC}.Debug|x86.Build.0 = Debug|x86
		{00E8AA36-C620-4EE0-81FF-8F0FE68951AC}.Release|Any CPU.ActiveCfg = Release|Any CPU
		{00E8AA36-C620-4EE0-81FF-8F0FE68951AC}.Release|Any CPU.Build.0 = Release|Any CPU
		{00E8AA36-C620-4EE0-81FF-8F0FE68951AC}.Release|Mixed Platforms.ActiveCfg = Release|x86
		{00E8AA36-C620-4EE0-81FF-8F0FE68951AC}.Release|Mixed Platforms.Build.0 = Release|x86
		{00E8AA36-C620-4EE0-81FF-8F0FE68951AC}.Release|x64.ActiveCfg = Release|x64
		{00E8AA36-C620-4EE0-81FF-8F0FE68951AC}.Release|x64.Build.0 = Release|x64
		{00E8AA36-C620-4EE0-81FF-8F0FE68951AC}.Release|x86.ActiveCfg = Release|x86
		{00E8AA36-C620-4EE0-81FF-8F0FE68951AC}.Release|x86.Build.0 = Release|x86
		{00E8AA36-C620-4EE0-81FF-8F0FE68951AC}.x64 debug|Any CPU.ActiveCfg = x64 debug|Any CPU
		{00E8AA36-C620-4EE0-81FF-8F0FE68951AC}.x64 debug|Any CPU.Build.0 = x64 debug|Any CPU
		{00E8AA36-C620-4EE0-81FF-8F0FE68951AC}.x64 debug|Mixed Platforms.ActiveCfg = x64 debug|x86
		{00E8AA36-C620-4EE0-81FF-8F0FE68951AC}.x64 debug|Mixed Platforms.Build.0 = x64 debug|x86
		{00E8AA36-C620-4EE0-81FF-8F0FE68951AC}.x64 debug|x64.ActiveCfg = x64 debug|x64
		{00E8AA36-C620-4EE0-81FF-8F0FE68951AC}.x64 debug|x64.Build.0 = x64 debug|x64
		{00E8AA36-C620-4EE0-81FF-8F0FE68951AC}.x64 debug|x86.ActiveCfg = x64 debug|x86
		{00E8AA36-C620-4EE0-81FF-8F0FE68951AC}.x64 debug|x86.Build.0 = x64 debug|x86
		{00E8AA36-C620-4EE0-81FF-8F0FE68951AC}.x86 debug|Any CPU.ActiveCfg = x86 debug|Any CPU
		{00E8AA36-C620-4EE0-81FF-8F0FE68951AC}.x86 debug|Any CPU.Build.0 = x86 debug|Any CPU
		{00E8AA36-C620-4EE0-81FF-8F0FE68951AC}.x86 debug|Mixed Platforms.ActiveCfg = x86 debug|x86
		{00E8AA36-C620-4EE0-81FF-8F0FE68951AC}.x86 debug|Mixed Platforms.Build.0 = x86 debug|x86
		{00E8AA36-C620-4EE0-81FF-8F0FE68951AC}.x86 debug|x64.ActiveCfg = x86 debug|x64
		{00E8AA36-C620-4EE0-81FF-8F0FE68951AC}.x86 debug|x64.Build.0 = x86 debug|x64
		{00E8AA36-C620-4EE0-81FF-8F0FE68951AC}.x86 debug|x86.ActiveCfg = x86 debug|x86
		{00E8AA36-C620-4EE0-81FF-8F0FE68951AC}.x86 debug|x86.Build.0 = x86 debug|x86
		{715BB182-3663-422A-898C-5ED8423520BC}.Debug|Any CPU.ActiveCfg = Debug|Any CPU
		{715BB182-3663-422A-898C-5ED8423520BC}.Debug|Any CPU.Build.0 = Debug|Any CPU
		{715BB182-3663-422A-898C-5ED8423520BC}.Debug|Mixed Platforms.ActiveCfg = Debug|Any CPU
		{715BB182-3663-422A-898C-5ED8423520BC}.Debug|Mixed Platforms.Build.0 = Debug|Any CPU
		{715BB182-3663-422A-898C-5ED8423520BC}.Debug|x64.ActiveCfg = Debug|x64
		{715BB182-3663-422A-898C-5ED8423520BC}.Debug|x64.Build.0 = Debug|x64
		{715BB182-3663-422A-898C-5ED8423520BC}.Debug|x86.ActiveCfg = Debug|x86
		{715BB182-3663-422A-898C-5ED8423520BC}.Debug|x86.Build.0 = Debug|x86
		{715BB182-3663-422A-898C-5ED8423520BC}.Release|Any CPU.ActiveCfg = Release|Any CPU
		{715BB182-3663-422A-898C-5ED8423520BC}.Release|Any CPU.Build.0 = Release|Any CPU
		{715BB182-3663-422A-898C-5ED8423520BC}.Release|Mixed Platforms.ActiveCfg = Release|x86
		{715BB182-3663-422A-898C-5ED8423520BC}.Release|Mixed Platforms.Build.0 = Release|x86
		{715BB182-3663-422A-898C-5ED8423520BC}.Release|x64.ActiveCfg = Release|x64
		{715BB182-3663-422A-898C-5ED8423520BC}.Release|x64.Build.0 = Release|x64
		{715BB182-3663-422A-898C-5ED8423520BC}.Release|x86.ActiveCfg = Release|x86
		{715BB182-3663-422A-898C-5ED8423520BC}.Release|x86.Build.0 = Release|x86
		{715BB182-3663-422A-898C-5ED8423520BC}.x64 debug|Any CPU.ActiveCfg = x64 debug|Any CPU
		{715BB182-3663-422A-898C-5ED8423520BC}.x64 debug|Any CPU.Build.0 = x64 debug|Any CPU
		{715BB182-3663-422A-898C-5ED8423520BC}.x64 debug|Mixed Platforms.ActiveCfg = x64 debug|x86
		{715BB182-3663-422A-898C-5ED8423520BC}.x64 debug|Mixed Platforms.Build.0 = x64 debug|x86
		{715BB182-3663-422A-898C-5ED8423520BC}.x64 debug|x64.ActiveCfg = x64 debug|x64
		{715BB182-3663-422A-898C-5ED8423520BC}.x64 debug|x64.Build.0 = x64 debug|x64
		{715BB182-3663-422A-898C-5ED8423520BC}.x64 debug|x86.ActiveCfg = x64 debug|x86
		{715BB182-3663-422A-898C-5ED8423520BC}.x64 debug|x86.Build.0 = x64 debug|x86
		{715BB182-3663-422A-898C-5ED8423520BC}.x86 debug|Any CPU.ActiveCfg = x86 debug|Any CPU
		{715BB182-3663-422A-898C-5ED8423520BC}.x86 debug|Any CPU.Build.0 = x86 debug|Any CPU
		{715BB182-3663-422A-898C-5ED8423520BC}.x86 debug|Mixed Platforms.ActiveCfg = x86 debug|x86
		{715BB182-3663-422A-898C-5ED8423520BC}.x86 debug|Mixed Platforms.Build.0 = x86 debug|x86
		{715BB182-3663-422A-898C-5ED8423520BC}.x86 debug|x64.ActiveCfg = x86 debug|x64
		{715BB182-3663-422A-898C-5ED8423520BC}.x86 debug|x64.Build.0 = x86 debug|x64
		{715BB182-3663-422A-898C-5ED8423520BC}.x86 debug|x86.ActiveCfg = x86 debug|x86
		{715BB182-3663-422A-898C-5ED8423520BC}.x86 debug|x86.Build.0 = x86 debug|x86
		{C1D2EAAD-644F-42BB-9E23-C97ECD8FFA4B}.Debug|Any CPU.ActiveCfg = Debug|Any CPU
		{C1D2EAAD-644F-42BB-9E23-C97ECD8FFA4B}.Debug|Any CPU.Build.0 = Debug|Any CPU
		{C1D2EAAD-644F-42BB-9E23-C97ECD8FFA4B}.Debug|Mixed Platforms.ActiveCfg = Debug|Any CPU
		{C1D2EAAD-644F-42BB-9E23-C97ECD8FFA4B}.Debug|Mixed Platforms.Build.0 = Debug|Any CPU
		{C1D2EAAD-644F-42BB-9E23-C97ECD8FFA4B}.Debug|x64.ActiveCfg = Debug|Any CPU
		{C1D2EAAD-644F-42BB-9E23-C97ECD8FFA4B}.Debug|x86.ActiveCfg = Debug|Any CPU
		{C1D2EAAD-644F-42BB-9E23-C97ECD8FFA4B}.Release|Any CPU.ActiveCfg = Release|Any CPU
		{C1D2EAAD-644F-42BB-9E23-C97ECD8FFA4B}.Release|Any CPU.Build.0 = Release|Any CPU
		{C1D2EAAD-644F-42BB-9E23-C97ECD8FFA4B}.Release|Mixed Platforms.ActiveCfg = Release|Any CPU
		{C1D2EAAD-644F-42BB-9E23-C97ECD8FFA4B}.Release|Mixed Platforms.Build.0 = Release|Any CPU
		{C1D2EAAD-644F-42BB-9E23-C97ECD8FFA4B}.Release|x64.ActiveCfg = Release|Any CPU
		{C1D2EAAD-644F-42BB-9E23-C97ECD8FFA4B}.Release|x86.ActiveCfg = Release|Any CPU
		{C1D2EAAD-644F-42BB-9E23-C97ECD8FFA4B}.x64 debug|Any CPU.ActiveCfg = Release|Any CPU
		{C1D2EAAD-644F-42BB-9E23-C97ECD8FFA4B}.x64 debug|Any CPU.Build.0 = Release|Any CPU
		{C1D2EAAD-644F-42BB-9E23-C97ECD8FFA4B}.x64 debug|Mixed Platforms.ActiveCfg = Release|Any CPU
		{C1D2EAAD-644F-42BB-9E23-C97ECD8FFA4B}.x64 debug|Mixed Platforms.Build.0 = Release|Any CPU
		{C1D2EAAD-644F-42BB-9E23-C97ECD8FFA4B}.x64 debug|x64.ActiveCfg = Release|Any CPU
		{C1D2EAAD-644F-42BB-9E23-C97ECD8FFA4B}.x64 debug|x86.ActiveCfg = Release|Any CPU
		{C1D2EAAD-644F-42BB-9E23-C97ECD8FFA4B}.x86 debug|Any CPU.ActiveCfg = Release|Any CPU
		{C1D2EAAD-644F-42BB-9E23-C97ECD8FFA4B}.x86 debug|Any CPU.Build.0 = Release|Any CPU
		{C1D2EAAD-644F-42BB-9E23-C97ECD8FFA4B}.x86 debug|Mixed Platforms.ActiveCfg = Release|Any CPU
		{C1D2EAAD-644F-42BB-9E23-C97ECD8FFA4B}.x86 debug|Mixed Platforms.Build.0 = Release|Any CPU
		{C1D2EAAD-644F-42BB-9E23-C97ECD8FFA4B}.x86 debug|x64.ActiveCfg = Release|Any CPU
		{C1D2EAAD-644F-42BB-9E23-C97ECD8FFA4B}.x86 debug|x86.ActiveCfg = Release|Any CPU
		{B886464C-C044-4B9C-A204-8A8F079A7B26}.Debug|Any CPU.ActiveCfg = Debug|Any CPU
		{B886464C-C044-4B9C-A204-8A8F079A7B26}.Debug|Any CPU.Build.0 = Debug|Any CPU
		{B886464C-C044-4B9C-A204-8A8F079A7B26}.Debug|Mixed Platforms.ActiveCfg = Debug|x64
		{B886464C-C044-4B9C-A204-8A8F079A7B26}.Debug|Mixed Platforms.Build.0 = Debug|x64
		{B886464C-C044-4B9C-A204-8A8F079A7B26}.Debug|x64.ActiveCfg = Debug|Any CPU
		{B886464C-C044-4B9C-A204-8A8F079A7B26}.Debug|x86.ActiveCfg = Debug|Any CPU
		{B886464C-C044-4B9C-A204-8A8F079A7B26}.Release|Any CPU.ActiveCfg = Release|Any CPU
		{B886464C-C044-4B9C-A204-8A8F079A7B26}.Release|Any CPU.Build.0 = Release|Any CPU
		{B886464C-C044-4B9C-A204-8A8F079A7B26}.Release|Mixed Platforms.ActiveCfg = Release|Any CPU
		{B886464C-C044-4B9C-A204-8A8F079A7B26}.Release|Mixed Platforms.Build.0 = Release|Any CPU
		{B886464C-C044-4B9C-A204-8A8F079A7B26}.Release|x64.ActiveCfg = Release|Any CPU
		{B886464C-C044-4B9C-A204-8A8F079A7B26}.Release|x86.ActiveCfg = Release|Any CPU
		{B886464C-C044-4B9C-A204-8A8F079A7B26}.x64 debug|Any CPU.ActiveCfg = Release|Any CPU
		{B886464C-C044-4B9C-A204-8A8F079A7B26}.x64 debug|Any CPU.Build.0 = Release|Any CPU
		{B886464C-C044-4B9C-A204-8A8F079A7B26}.x64 debug|Mixed Platforms.ActiveCfg = Release|Any CPU
		{B886464C-C044-4B9C-A204-8A8F079A7B26}.x64 debug|Mixed Platforms.Build.0 = Release|Any CPU
		{B886464C-C044-4B9C-A204-8A8F079A7B26}.x64 debug|x64.ActiveCfg = Release|Any CPU
		{B886464C-C044-4B9C-A204-8A8F079A7B26}.x64 debug|x86.ActiveCfg = Release|Any CPU
		{B886464C-C044-4B9C-A204-8A8F079A7B26}.x86 debug|Any CPU.ActiveCfg = Release|Any CPU
		{B886464C-C044-4B9C-A204-8A8F079A7B26}.x86 debug|Any CPU.Build.0 = Release|Any CPU
		{B886464C-C044-4B9C-A204-8A8F079A7B26}.x86 debug|Mixed Platforms.ActiveCfg = Release|Any CPU
		{B886464C-C044-4B9C-A204-8A8F079A7B26}.x86 debug|Mixed Platforms.Build.0 = Release|Any CPU
		{B886464C-C044-4B9C-A204-8A8F079A7B26}.x86 debug|x64.ActiveCfg = Release|Any CPU
		{B886464C-C044-4B9C-A204-8A8F079A7B26}.x86 debug|x86.ActiveCfg = Release|Any CPU
		{8EB1F874-FAF5-49D1-AB99-8DAC7101E714}.Debug|Any CPU.ActiveCfg = Debug|Any CPU
		{8EB1F874-FAF5-49D1-AB99-8DAC7101E714}.Debug|Any CPU.Build.0 = Debug|Any CPU
		{8EB1F874-FAF5-49D1-AB99-8DAC7101E714}.Debug|Mixed Platforms.ActiveCfg = Debug|Any CPU
		{8EB1F874-FAF5-49D1-AB99-8DAC7101E714}.Debug|Mixed Platforms.Build.0 = Debug|Any CPU
		{8EB1F874-FAF5-49D1-AB99-8DAC7101E714}.Debug|x64.ActiveCfg = Debug|Any CPU
		{8EB1F874-FAF5-49D1-AB99-8DAC7101E714}.Debug|x86.ActiveCfg = Debug|Any CPU
		{8EB1F874-FAF5-49D1-AB99-8DAC7101E714}.Release|Any CPU.ActiveCfg = Release|Any CPU
		{8EB1F874-FAF5-49D1-AB99-8DAC7101E714}.Release|Any CPU.Build.0 = Release|Any CPU
		{8EB1F874-FAF5-49D1-AB99-8DAC7101E714}.Release|Mixed Platforms.ActiveCfg = Release|Any CPU
		{8EB1F874-FAF5-49D1-AB99-8DAC7101E714}.Release|Mixed Platforms.Build.0 = Release|Any CPU
		{8EB1F874-FAF5-49D1-AB99-8DAC7101E714}.Release|x64.ActiveCfg = Release|Any CPU
		{8EB1F874-FAF5-49D1-AB99-8DAC7101E714}.Release|x86.ActiveCfg = Release|Any CPU
		{8EB1F874-FAF5-49D1-AB99-8DAC7101E714}.x64 debug|Any CPU.ActiveCfg = Release|Any CPU
		{8EB1F874-FAF5-49D1-AB99-8DAC7101E714}.x64 debug|Any CPU.Build.0 = Release|Any CPU
		{8EB1F874-FAF5-49D1-AB99-8DAC7101E714}.x64 debug|Mixed Platforms.ActiveCfg = Release|Any CPU
		{8EB1F874-FAF5-49D1-AB99-8DAC7101E714}.x64 debug|Mixed Platforms.Build.0 = Release|Any CPU
		{8EB1F874-FAF5-49D1-AB99-8DAC7101E714}.x64 debug|x64.ActiveCfg = Release|Any CPU
		{8EB1F874-FAF5-49D1-AB99-8DAC7101E714}.x64 debug|x86.ActiveCfg = Release|Any CPU
		{8EB1F874-FAF5-49D1-AB99-8DAC7101E714}.x86 debug|Any CPU.ActiveCfg = Release|Any CPU
		{8EB1F874-FAF5-49D1-AB99-8DAC7101E714}.x86 debug|Any CPU.Build.0 = Release|Any CPU
		{8EB1F874-FAF5-49D1-AB99-8DAC7101E714}.x86 debug|Mixed Platforms.ActiveCfg = Release|Any CPU
		{8EB1F874-FAF5-49D1-AB99-8DAC7101E714}.x86 debug|Mixed Platforms.Build.0 = Release|Any CPU
		{8EB1F874-FAF5-49D1-AB99-8DAC7101E714}.x86 debug|x64.ActiveCfg = Release|Any CPU
		{8EB1F874-FAF5-49D1-AB99-8DAC7101E714}.x86 debug|x86.ActiveCfg = Release|Any CPU
		{EA7608D3-6ECA-4AD9-A1BA-E5E01927B5A4}.Debug|Any CPU.ActiveCfg = Debug|Any CPU
		{EA7608D3-6ECA-4AD9-A1BA-E5E01927B5A4}.Debug|Any CPU.Build.0 = Debug|Any CPU
		{EA7608D3-6ECA-4AD9-A1BA-E5E01927B5A4}.Debug|Mixed Platforms.ActiveCfg = Debug|Any CPU
		{EA7608D3-6ECA-4AD9-A1BA-E5E01927B5A4}.Debug|Mixed Platforms.Build.0 = Debug|Any CPU
		{EA7608D3-6ECA-4AD9-A1BA-E5E01927B5A4}.Debug|x64.ActiveCfg = Debug|Any CPU
		{EA7608D3-6ECA-4AD9-A1BA-E5E01927B5A4}.Debug|x86.ActiveCfg = Debug|Any CPU
		{EA7608D3-6ECA-4AD9-A1BA-E5E01927B5A4}.Release|Any CPU.ActiveCfg = Release|Any CPU
		{EA7608D3-6ECA-4AD9-A1BA-E5E01927B5A4}.Release|Any CPU.Build.0 = Release|Any CPU
		{EA7608D3-6ECA-4AD9-A1BA-E5E01927B5A4}.Release|Mixed Platforms.ActiveCfg = Release|Any CPU
		{EA7608D3-6ECA-4AD9-A1BA-E5E01927B5A4}.Release|Mixed Platforms.Build.0 = Release|Any CPU
		{EA7608D3-6ECA-4AD9-A1BA-E5E01927B5A4}.Release|x64.ActiveCfg = Release|Any CPU
		{EA7608D3-6ECA-4AD9-A1BA-E5E01927B5A4}.Release|x86.ActiveCfg = Release|Any CPU
		{EA7608D3-6ECA-4AD9-A1BA-E5E01927B5A4}.x64 debug|Any CPU.ActiveCfg = Release|Any CPU
		{EA7608D3-6ECA-4AD9-A1BA-E5E01927B5A4}.x64 debug|Any CPU.Build.0 = Release|Any CPU
		{EA7608D3-6ECA-4AD9-A1BA-E5E01927B5A4}.x64 debug|Mixed Platforms.ActiveCfg = Release|Any CPU
		{EA7608D3-6ECA-4AD9-A1BA-E5E01927B5A4}.x64 debug|Mixed Platforms.Build.0 = Release|Any CPU
		{EA7608D3-6ECA-4AD9-A1BA-E5E01927B5A4}.x64 debug|x64.ActiveCfg = Release|Any CPU
		{EA7608D3-6ECA-4AD9-A1BA-E5E01927B5A4}.x64 debug|x86.ActiveCfg = Release|Any CPU
		{EA7608D3-6ECA-4AD9-A1BA-E5E01927B5A4}.x86 debug|Any CPU.ActiveCfg = Release|Any CPU
		{EA7608D3-6ECA-4AD9-A1BA-E5E01927B5A4}.x86 debug|Any CPU.Build.0 = Release|Any CPU
		{EA7608D3-6ECA-4AD9-A1BA-E5E01927B5A4}.x86 debug|Mixed Platforms.ActiveCfg = Release|Any CPU
		{EA7608D3-6ECA-4AD9-A1BA-E5E01927B5A4}.x86 debug|Mixed Platforms.Build.0 = Release|Any CPU
		{EA7608D3-6ECA-4AD9-A1BA-E5E01927B5A4}.x86 debug|x64.ActiveCfg = Release|Any CPU
		{EA7608D3-6ECA-4AD9-A1BA-E5E01927B5A4}.x86 debug|x86.ActiveCfg = Release|Any CPU
		{4B9571E6-7EF4-464C-AC1A-6B9222110A4F}.Debug|Any CPU.ActiveCfg = Debug|Any CPU
		{4B9571E6-7EF4-464C-AC1A-6B9222110A4F}.Debug|Any CPU.Build.0 = Debug|Any CPU
		{4B9571E6-7EF4-464C-AC1A-6B9222110A4F}.Debug|Mixed Platforms.ActiveCfg = Debug|x64
		{4B9571E6-7EF4-464C-AC1A-6B9222110A4F}.Debug|Mixed Platforms.Build.0 = Debug|x64
		{4B9571E6-7EF4-464C-AC1A-6B9222110A4F}.Debug|x64.ActiveCfg = Debug|Any CPU
		{4B9571E6-7EF4-464C-AC1A-6B9222110A4F}.Debug|x86.ActiveCfg = Debug|Any CPU
		{4B9571E6-7EF4-464C-AC1A-6B9222110A4F}.Release|Any CPU.ActiveCfg = Release|Any CPU
		{4B9571E6-7EF4-464C-AC1A-6B9222110A4F}.Release|Any CPU.Build.0 = Release|Any CPU
		{4B9571E6-7EF4-464C-AC1A-6B9222110A4F}.Release|Mixed Platforms.ActiveCfg = Release|Any CPU
		{4B9571E6-7EF4-464C-AC1A-6B9222110A4F}.Release|Mixed Platforms.Build.0 = Release|Any CPU
		{4B9571E6-7EF4-464C-AC1A-6B9222110A4F}.Release|x64.ActiveCfg = Release|Any CPU
		{4B9571E6-7EF4-464C-AC1A-6B9222110A4F}.Release|x86.ActiveCfg = Release|Any CPU
		{4B9571E6-7EF4-464C-AC1A-6B9222110A4F}.x64 debug|Any CPU.ActiveCfg = Release|Any CPU
		{4B9571E6-7EF4-464C-AC1A-6B9222110A4F}.x64 debug|Any CPU.Build.0 = Release|Any CPU
		{4B9571E6-7EF4-464C-AC1A-6B9222110A4F}.x64 debug|Mixed Platforms.ActiveCfg = Release|Any CPU
		{4B9571E6-7EF4-464C-AC1A-6B9222110A4F}.x64 debug|Mixed Platforms.Build.0 = Release|Any CPU
		{4B9571E6-7EF4-464C-AC1A-6B9222110A4F}.x64 debug|x64.ActiveCfg = Release|Any CPU
		{4B9571E6-7EF4-464C-AC1A-6B9222110A4F}.x64 debug|x86.ActiveCfg = Release|Any CPU
		{4B9571E6-7EF4-464C-AC1A-6B9222110A4F}.x86 debug|Any CPU.ActiveCfg = Release|Any CPU
		{4B9571E6-7EF4-464C-AC1A-6B9222110A4F}.x86 debug|Any CPU.Build.0 = Release|Any CPU
		{4B9571E6-7EF4-464C-AC1A-6B9222110A4F}.x86 debug|Mixed Platforms.ActiveCfg = Release|Any CPU
		{4B9571E6-7EF4-464C-AC1A-6B9222110A4F}.x86 debug|Mixed Platforms.Build.0 = Release|Any CPU
		{4B9571E6-7EF4-464C-AC1A-6B9222110A4F}.x86 debug|x64.ActiveCfg = Release|Any CPU
		{4B9571E6-7EF4-464C-AC1A-6B9222110A4F}.x86 debug|x86.ActiveCfg = Release|Any CPU
		{36378B97-DE3D-48FC-9ADB-9E21E0AAF705}.Debug|Any CPU.ActiveCfg = Debug|Any CPU
		{36378B97-DE3D-48FC-9ADB-9E21E0AAF705}.Debug|Any CPU.Build.0 = Debug|Any CPU
		{36378B97-DE3D-48FC-9ADB-9E21E0AAF705}.Debug|Mixed Platforms.ActiveCfg = Debug|Any CPU
		{36378B97-DE3D-48FC-9ADB-9E21E0AAF705}.Debug|Mixed Platforms.Build.0 = Debug|Any CPU
		{36378B97-DE3D-48FC-9ADB-9E21E0AAF705}.Debug|x64.ActiveCfg = Debug|Any CPU
		{36378B97-DE3D-48FC-9ADB-9E21E0AAF705}.Debug|x86.ActiveCfg = Debug|Any CPU
		{36378B97-DE3D-48FC-9ADB-9E21E0AAF705}.Release|Any CPU.ActiveCfg = Release|Any CPU
		{36378B97-DE3D-48FC-9ADB-9E21E0AAF705}.Release|Any CPU.Build.0 = Release|Any CPU
		{36378B97-DE3D-48FC-9ADB-9E21E0AAF705}.Release|Mixed Platforms.ActiveCfg = Release|Any CPU
		{36378B97-DE3D-48FC-9ADB-9E21E0AAF705}.Release|Mixed Platforms.Build.0 = Release|Any CPU
		{36378B97-DE3D-48FC-9ADB-9E21E0AAF705}.Release|x64.ActiveCfg = Release|Any CPU
		{36378B97-DE3D-48FC-9ADB-9E21E0AAF705}.Release|x86.ActiveCfg = Release|Any CPU
		{36378B97-DE3D-48FC-9ADB-9E21E0AAF705}.x64 debug|Any CPU.ActiveCfg = Release|Any CPU
		{36378B97-DE3D-48FC-9ADB-9E21E0AAF705}.x64 debug|Any CPU.Build.0 = Release|Any CPU
		{36378B97-DE3D-48FC-9ADB-9E21E0AAF705}.x64 debug|Mixed Platforms.ActiveCfg = Release|Any CPU
		{36378B97-DE3D-48FC-9ADB-9E21E0AAF705}.x64 debug|Mixed Platforms.Build.0 = Release|Any CPU
		{36378B97-DE3D-48FC-9ADB-9E21E0AAF705}.x64 debug|x64.ActiveCfg = Release|Any CPU
		{36378B97-DE3D-48FC-9ADB-9E21E0AAF705}.x64 debug|x86.ActiveCfg = Release|Any CPU
		{36378B97-DE3D-48FC-9ADB-9E21E0AAF705}.x86 debug|Any CPU.ActiveCfg = Release|Any CPU
		{36378B97-DE3D-48FC-9ADB-9E21E0AAF705}.x86 debug|Any CPU.Build.0 = Release|Any CPU
		{36378B97-DE3D-48FC-9ADB-9E21E0AAF705}.x86 debug|Mixed Platforms.ActiveCfg = Release|Any CPU
		{36378B97-DE3D-48FC-9ADB-9E21E0AAF705}.x86 debug|Mixed Platforms.Build.0 = Release|Any CPU
		{36378B97-DE3D-48FC-9ADB-9E21E0AAF705}.x86 debug|x64.ActiveCfg = Release|Any CPU
		{36378B97-DE3D-48FC-9ADB-9E21E0AAF705}.x86 debug|x86.ActiveCfg = Release|Any CPU
		{E6B54798-3F0A-4AF0-9244-E4F1AEB5C9E1}.Debug|Any CPU.ActiveCfg = Debug|Any CPU
		{E6B54798-3F0A-4AF0-9244-E4F1AEB5C9E1}.Debug|Any CPU.Build.0 = Debug|Any CPU
		{E6B54798-3F0A-4AF0-9244-E4F1AEB5C9E1}.Debug|Mixed Platforms.ActiveCfg = Debug|x64
		{E6B54798-3F0A-4AF0-9244-E4F1AEB5C9E1}.Debug|Mixed Platforms.Build.0 = Debug|x64
		{E6B54798-3F0A-4AF0-9244-E4F1AEB5C9E1}.Debug|x64.ActiveCfg = Debug|Any CPU
		{E6B54798-3F0A-4AF0-9244-E4F1AEB5C9E1}.Debug|x64.Build.0 = Debug|Any CPU
		{E6B54798-3F0A-4AF0-9244-E4F1AEB5C9E1}.Debug|x86.ActiveCfg = Debug|Any CPU
		{E6B54798-3F0A-4AF0-9244-E4F1AEB5C9E1}.Debug|x86.Build.0 = Debug|Any CPU
		{E6B54798-3F0A-4AF0-9244-E4F1AEB5C9E1}.Release|Any CPU.ActiveCfg = Release|Any CPU
		{E6B54798-3F0A-4AF0-9244-E4F1AEB5C9E1}.Release|Any CPU.Build.0 = Release|Any CPU
		{E6B54798-3F0A-4AF0-9244-E4F1AEB5C9E1}.Release|Mixed Platforms.ActiveCfg = Release|Any CPU
		{E6B54798-3F0A-4AF0-9244-E4F1AEB5C9E1}.Release|Mixed Platforms.Build.0 = Release|Any CPU
		{E6B54798-3F0A-4AF0-9244-E4F1AEB5C9E1}.Release|x64.ActiveCfg = Release|Any CPU
		{E6B54798-3F0A-4AF0-9244-E4F1AEB5C9E1}.Release|x64.Build.0 = Release|Any CPU
		{E6B54798-3F0A-4AF0-9244-E4F1AEB5C9E1}.Release|x86.ActiveCfg = Release|Any CPU
		{E6B54798-3F0A-4AF0-9244-E4F1AEB5C9E1}.Release|x86.Build.0 = Release|Any CPU
		{E6B54798-3F0A-4AF0-9244-E4F1AEB5C9E1}.x64 debug|Any CPU.ActiveCfg = Release|Any CPU
		{E6B54798-3F0A-4AF0-9244-E4F1AEB5C9E1}.x64 debug|Any CPU.Build.0 = Release|Any CPU
		{E6B54798-3F0A-4AF0-9244-E4F1AEB5C9E1}.x64 debug|Mixed Platforms.ActiveCfg = Release|Any CPU
		{E6B54798-3F0A-4AF0-9244-E4F1AEB5C9E1}.x64 debug|Mixed Platforms.Build.0 = Release|Any CPU
		{E6B54798-3F0A-4AF0-9244-E4F1AEB5C9E1}.x64 debug|x64.ActiveCfg = Release|Any CPU
		{E6B54798-3F0A-4AF0-9244-E4F1AEB5C9E1}.x64 debug|x64.Build.0 = Release|Any CPU
		{E6B54798-3F0A-4AF0-9244-E4F1AEB5C9E1}.x64 debug|x86.ActiveCfg = Release|Any CPU
		{E6B54798-3F0A-4AF0-9244-E4F1AEB5C9E1}.x64 debug|x86.Build.0 = Release|Any CPU
		{E6B54798-3F0A-4AF0-9244-E4F1AEB5C9E1}.x86 debug|Any CPU.ActiveCfg = Release|Any CPU
		{E6B54798-3F0A-4AF0-9244-E4F1AEB5C9E1}.x86 debug|Any CPU.Build.0 = Release|Any CPU
		{E6B54798-3F0A-4AF0-9244-E4F1AEB5C9E1}.x86 debug|Mixed Platforms.ActiveCfg = Release|Any CPU
		{E6B54798-3F0A-4AF0-9244-E4F1AEB5C9E1}.x86 debug|Mixed Platforms.Build.0 = Release|Any CPU
		{E6B54798-3F0A-4AF0-9244-E4F1AEB5C9E1}.x86 debug|x64.ActiveCfg = Release|Any CPU
		{E6B54798-3F0A-4AF0-9244-E4F1AEB5C9E1}.x86 debug|x64.Build.0 = Release|Any CPU
		{E6B54798-3F0A-4AF0-9244-E4F1AEB5C9E1}.x86 debug|x86.ActiveCfg = Release|Any CPU
		{E6B54798-3F0A-4AF0-9244-E4F1AEB5C9E1}.x86 debug|x86.Build.0 = Release|Any CPU
		{3CCC67A1-C73A-4EE1-AADD-63788AA550A4}.Debug|Any CPU.ActiveCfg = Debug|Any CPU
		{3CCC67A1-C73A-4EE1-AADD-63788AA550A4}.Debug|Any CPU.Build.0 = Debug|Any CPU
		{3CCC67A1-C73A-4EE1-AADD-63788AA550A4}.Debug|Mixed Platforms.ActiveCfg = Debug|Any CPU
		{3CCC67A1-C73A-4EE1-AADD-63788AA550A4}.Debug|Mixed Platforms.Build.0 = Debug|Any CPU
		{3CCC67A1-C73A-4EE1-AADD-63788AA550A4}.Debug|x64.ActiveCfg = Debug|Any CPU
		{3CCC67A1-C73A-4EE1-AADD-63788AA550A4}.Debug|x64.Build.0 = Debug|Any CPU
		{3CCC67A1-C73A-4EE1-AADD-63788AA550A4}.Debug|x86.ActiveCfg = Debug|Any CPU
		{3CCC67A1-C73A-4EE1-AADD-63788AA550A4}.Debug|x86.Build.0 = Debug|Any CPU
		{3CCC67A1-C73A-4EE1-AADD-63788AA550A4}.Release|Any CPU.ActiveCfg = Release|Any CPU
		{3CCC67A1-C73A-4EE1-AADD-63788AA550A4}.Release|Any CPU.Build.0 = Release|Any CPU
		{3CCC67A1-C73A-4EE1-AADD-63788AA550A4}.Release|Mixed Platforms.ActiveCfg = Release|Any CPU
		{3CCC67A1-C73A-4EE1-AADD-63788AA550A4}.Release|Mixed Platforms.Build.0 = Release|Any CPU
		{3CCC67A1-C73A-4EE1-AADD-63788AA550A4}.Release|x64.ActiveCfg = Release|Any CPU
		{3CCC67A1-C73A-4EE1-AADD-63788AA550A4}.Release|x64.Build.0 = Release|Any CPU
		{3CCC67A1-C73A-4EE1-AADD-63788AA550A4}.Release|x86.ActiveCfg = Release|Any CPU
		{3CCC67A1-C73A-4EE1-AADD-63788AA550A4}.Release|x86.Build.0 = Release|Any CPU
		{3CCC67A1-C73A-4EE1-AADD-63788AA550A4}.x64 debug|Any CPU.ActiveCfg = Release|Any CPU
		{3CCC67A1-C73A-4EE1-AADD-63788AA550A4}.x64 debug|Any CPU.Build.0 = Release|Any CPU
		{3CCC67A1-C73A-4EE1-AADD-63788AA550A4}.x64 debug|Mixed Platforms.ActiveCfg = Release|Any CPU
		{3CCC67A1-C73A-4EE1-AADD-63788AA550A4}.x64 debug|Mixed Platforms.Build.0 = Release|Any CPU
		{3CCC67A1-C73A-4EE1-AADD-63788AA550A4}.x64 debug|x64.ActiveCfg = Release|Any CPU
		{3CCC67A1-C73A-4EE1-AADD-63788AA550A4}.x64 debug|x64.Build.0 = Release|Any CPU
		{3CCC67A1-C73A-4EE1-AADD-63788AA550A4}.x64 debug|x86.ActiveCfg = Release|Any CPU
		{3CCC67A1-C73A-4EE1-AADD-63788AA550A4}.x64 debug|x86.Build.0 = Release|Any CPU
		{3CCC67A1-C73A-4EE1-AADD-63788AA550A4}.x86 debug|Any CPU.ActiveCfg = Release|Any CPU
		{3CCC67A1-C73A-4EE1-AADD-63788AA550A4}.x86 debug|Any CPU.Build.0 = Release|Any CPU
		{3CCC67A1-C73A-4EE1-AADD-63788AA550A4}.x86 debug|Mixed Platforms.ActiveCfg = Release|Any CPU
		{3CCC67A1-C73A-4EE1-AADD-63788AA550A4}.x86 debug|Mixed Platforms.Build.0 = Release|Any CPU
		{3CCC67A1-C73A-4EE1-AADD-63788AA550A4}.x86 debug|x64.ActiveCfg = Release|Any CPU
		{3CCC67A1-C73A-4EE1-AADD-63788AA550A4}.x86 debug|x64.Build.0 = Release|Any CPU
		{3CCC67A1-C73A-4EE1-AADD-63788AA550A4}.x86 debug|x86.ActiveCfg = Release|Any CPU
		{3CCC67A1-C73A-4EE1-AADD-63788AA550A4}.x86 debug|x86.Build.0 = Release|Any CPU
		{8E21447D-12EF-408E-867C-03E6748A28CC}.Debug|Any CPU.ActiveCfg = Debug|Any CPU
		{8E21447D-12EF-408E-867C-03E6748A28CC}.Debug|Any CPU.Build.0 = Debug|Any CPU
		{8E21447D-12EF-408E-867C-03E6748A28CC}.Debug|Mixed Platforms.ActiveCfg = Debug|Any CPU
		{8E21447D-12EF-408E-867C-03E6748A28CC}.Debug|Mixed Platforms.Build.0 = Debug|Any CPU
		{8E21447D-12EF-408E-867C-03E6748A28CC}.Debug|x64.ActiveCfg = Debug|Any CPU
		{8E21447D-12EF-408E-867C-03E6748A28CC}.Debug|x64.Build.0 = Debug|Any CPU
		{8E21447D-12EF-408E-867C-03E6748A28CC}.Debug|x86.ActiveCfg = Debug|Any CPU
		{8E21447D-12EF-408E-867C-03E6748A28CC}.Debug|x86.Build.0 = Debug|Any CPU
		{8E21447D-12EF-408E-867C-03E6748A28CC}.Release|Any CPU.ActiveCfg = Release|Any CPU
		{8E21447D-12EF-408E-867C-03E6748A28CC}.Release|Any CPU.Build.0 = Release|Any CPU
		{8E21447D-12EF-408E-867C-03E6748A28CC}.Release|Mixed Platforms.ActiveCfg = Release|Any CPU
		{8E21447D-12EF-408E-867C-03E6748A28CC}.Release|Mixed Platforms.Build.0 = Release|Any CPU
		{8E21447D-12EF-408E-867C-03E6748A28CC}.Release|x64.ActiveCfg = Release|Any CPU
		{8E21447D-12EF-408E-867C-03E6748A28CC}.Release|x64.Build.0 = Release|Any CPU
		{8E21447D-12EF-408E-867C-03E6748A28CC}.Release|x86.ActiveCfg = Release|Any CPU
		{8E21447D-12EF-408E-867C-03E6748A28CC}.Release|x86.Build.0 = Release|Any CPU
		{8E21447D-12EF-408E-867C-03E6748A28CC}.x64 debug|Any CPU.ActiveCfg = Release|Any CPU
		{8E21447D-12EF-408E-867C-03E6748A28CC}.x64 debug|Any CPU.Build.0 = Release|Any CPU
		{8E21447D-12EF-408E-867C-03E6748A28CC}.x64 debug|Mixed Platforms.ActiveCfg = Release|Any CPU
		{8E21447D-12EF-408E-867C-03E6748A28CC}.x64 debug|Mixed Platforms.Build.0 = Release|Any CPU
		{8E21447D-12EF-408E-867C-03E6748A28CC}.x64 debug|x64.ActiveCfg = Release|Any CPU
		{8E21447D-12EF-408E-867C-03E6748A28CC}.x64 debug|x64.Build.0 = Release|Any CPU
		{8E21447D-12EF-408E-867C-03E6748A28CC}.x64 debug|x86.ActiveCfg = Release|Any CPU
		{8E21447D-12EF-408E-867C-03E6748A28CC}.x64 debug|x86.Build.0 = Release|Any CPU
		{8E21447D-12EF-408E-867C-03E6748A28CC}.x86 debug|Any CPU.ActiveCfg = Release|Any CPU
		{8E21447D-12EF-408E-867C-03E6748A28CC}.x86 debug|Any CPU.Build.0 = Release|Any CPU
		{8E21447D-12EF-408E-867C-03E6748A28CC}.x86 debug|Mixed Platforms.ActiveCfg = Release|Any CPU
		{8E21447D-12EF-408E-867C-03E6748A28CC}.x86 debug|Mixed Platforms.Build.0 = Release|Any CPU
		{8E21447D-12EF-408E-867C-03E6748A28CC}.x86 debug|x64.ActiveCfg = Release|Any CPU
		{8E21447D-12EF-408E-867C-03E6748A28CC}.x86 debug|x64.Build.0 = Release|Any CPU
		{8E21447D-12EF-408E-867C-03E6748A28CC}.x86 debug|x86.ActiveCfg = Release|Any CPU
		{8E21447D-12EF-408E-867C-03E6748A28CC}.x86 debug|x86.Build.0 = Release|Any CPU
		{B26A74BA-0C25-4D4E-93F3-7D4F35989A0A}.Debug|Any CPU.ActiveCfg = Debug|Any CPU
		{B26A74BA-0C25-4D4E-93F3-7D4F35989A0A}.Debug|Any CPU.Build.0 = Debug|Any CPU
		{B26A74BA-0C25-4D4E-93F3-7D4F35989A0A}.Debug|Mixed Platforms.ActiveCfg = Debug|x64
		{B26A74BA-0C25-4D4E-93F3-7D4F35989A0A}.Debug|Mixed Platforms.Build.0 = Debug|x64
		{B26A74BA-0C25-4D4E-93F3-7D4F35989A0A}.Debug|x64.ActiveCfg = Debug|x64
		{B26A74BA-0C25-4D4E-93F3-7D4F35989A0A}.Debug|x64.Build.0 = Debug|x64
		{B26A74BA-0C25-4D4E-93F3-7D4F35989A0A}.Debug|x86.ActiveCfg = Debug|x86
		{B26A74BA-0C25-4D4E-93F3-7D4F35989A0A}.Debug|x86.Build.0 = Debug|x86
		{B26A74BA-0C25-4D4E-93F3-7D4F35989A0A}.Release|Any CPU.ActiveCfg = Release|Any CPU
		{B26A74BA-0C25-4D4E-93F3-7D4F35989A0A}.Release|Any CPU.Build.0 = Release|Any CPU
		{B26A74BA-0C25-4D4E-93F3-7D4F35989A0A}.Release|Mixed Platforms.ActiveCfg = Release|x86
		{B26A74BA-0C25-4D4E-93F3-7D4F35989A0A}.Release|Mixed Platforms.Build.0 = Release|x86
		{B26A74BA-0C25-4D4E-93F3-7D4F35989A0A}.Release|x64.ActiveCfg = Release|x64
		{B26A74BA-0C25-4D4E-93F3-7D4F35989A0A}.Release|x64.Build.0 = Release|x64
		{B26A74BA-0C25-4D4E-93F3-7D4F35989A0A}.Release|x86.ActiveCfg = Release|x86
		{B26A74BA-0C25-4D4E-93F3-7D4F35989A0A}.Release|x86.Build.0 = Release|x86
		{B26A74BA-0C25-4D4E-93F3-7D4F35989A0A}.x64 debug|Any CPU.ActiveCfg = x64 debug|Any CPU
		{B26A74BA-0C25-4D4E-93F3-7D4F35989A0A}.x64 debug|Any CPU.Build.0 = x64 debug|Any CPU
		{B26A74BA-0C25-4D4E-93F3-7D4F35989A0A}.x64 debug|Mixed Platforms.ActiveCfg = x64 debug|x86
		{B26A74BA-0C25-4D4E-93F3-7D4F35989A0A}.x64 debug|Mixed Platforms.Build.0 = x64 debug|x86
		{B26A74BA-0C25-4D4E-93F3-7D4F35989A0A}.x64 debug|x64.ActiveCfg = x64 debug|x64
		{B26A74BA-0C25-4D4E-93F3-7D4F35989A0A}.x64 debug|x64.Build.0 = x64 debug|x64
		{B26A74BA-0C25-4D4E-93F3-7D4F35989A0A}.x64 debug|x86.ActiveCfg = x64 debug|x86
		{B26A74BA-0C25-4D4E-93F3-7D4F35989A0A}.x64 debug|x86.Build.0 = x64 debug|x86
		{B26A74BA-0C25-4D4E-93F3-7D4F35989A0A}.x86 debug|Any CPU.ActiveCfg = x86 debug|Any CPU
		{B26A74BA-0C25-4D4E-93F3-7D4F35989A0A}.x86 debug|Any CPU.Build.0 = x86 debug|Any CPU
		{B26A74BA-0C25-4D4E-93F3-7D4F35989A0A}.x86 debug|Mixed Platforms.ActiveCfg = x86 debug|x86
		{B26A74BA-0C25-4D4E-93F3-7D4F35989A0A}.x86 debug|Mixed Platforms.Build.0 = x86 debug|x86
		{B26A74BA-0C25-4D4E-93F3-7D4F35989A0A}.x86 debug|x64.ActiveCfg = x86 debug|x64
		{B26A74BA-0C25-4D4E-93F3-7D4F35989A0A}.x86 debug|x64.Build.0 = x86 debug|x64
		{B26A74BA-0C25-4D4E-93F3-7D4F35989A0A}.x86 debug|x86.ActiveCfg = x86 debug|x86
		{B26A74BA-0C25-4D4E-93F3-7D4F35989A0A}.x86 debug|x86.Build.0 = x86 debug|x86
		{83211135-6FDC-4278-B499-7DF14746DA07}.Debug|Any CPU.ActiveCfg = Debug|Any CPU
		{83211135-6FDC-4278-B499-7DF14746DA07}.Debug|Any CPU.Build.0 = Debug|Any CPU
		{83211135-6FDC-4278-B499-7DF14746DA07}.Debug|Mixed Platforms.ActiveCfg = Debug|Any CPU
		{83211135-6FDC-4278-B499-7DF14746DA07}.Debug|Mixed Platforms.Build.0 = Debug|Any CPU
		{83211135-6FDC-4278-B499-7DF14746DA07}.Debug|x64.ActiveCfg = Debug|Any CPU
		{83211135-6FDC-4278-B499-7DF14746DA07}.Debug|x64.Build.0 = Debug|Any CPU
		{83211135-6FDC-4278-B499-7DF14746DA07}.Debug|x86.ActiveCfg = Debug|Any CPU
		{83211135-6FDC-4278-B499-7DF14746DA07}.Debug|x86.Build.0 = Debug|Any CPU
		{83211135-6FDC-4278-B499-7DF14746DA07}.Release|Any CPU.ActiveCfg = Release|Any CPU
		{83211135-6FDC-4278-B499-7DF14746DA07}.Release|Any CPU.Build.0 = Release|Any CPU
		{83211135-6FDC-4278-B499-7DF14746DA07}.Release|Mixed Platforms.ActiveCfg = Release|Any CPU
		{83211135-6FDC-4278-B499-7DF14746DA07}.Release|Mixed Platforms.Build.0 = Release|Any CPU
		{83211135-6FDC-4278-B499-7DF14746DA07}.Release|x64.ActiveCfg = Release|Any CPU
		{83211135-6FDC-4278-B499-7DF14746DA07}.Release|x64.Build.0 = Release|Any CPU
		{83211135-6FDC-4278-B499-7DF14746DA07}.Release|x86.ActiveCfg = Release|Any CPU
		{83211135-6FDC-4278-B499-7DF14746DA07}.Release|x86.Build.0 = Release|Any CPU
		{83211135-6FDC-4278-B499-7DF14746DA07}.x64 debug|Any CPU.ActiveCfg = Release|Any CPU
		{83211135-6FDC-4278-B499-7DF14746DA07}.x64 debug|Any CPU.Build.0 = Release|Any CPU
		{83211135-6FDC-4278-B499-7DF14746DA07}.x64 debug|Mixed Platforms.ActiveCfg = Release|Any CPU
		{83211135-6FDC-4278-B499-7DF14746DA07}.x64 debug|Mixed Platforms.Build.0 = Release|Any CPU
		{83211135-6FDC-4278-B499-7DF14746DA07}.x64 debug|x64.ActiveCfg = Release|Any CPU
		{83211135-6FDC-4278-B499-7DF14746DA07}.x64 debug|x64.Build.0 = Release|Any CPU
		{83211135-6FDC-4278-B499-7DF14746DA07}.x64 debug|x86.ActiveCfg = Release|Any CPU
		{83211135-6FDC-4278-B499-7DF14746DA07}.x64 debug|x86.Build.0 = Release|Any CPU
		{83211135-6FDC-4278-B499-7DF14746DA07}.x86 debug|Any CPU.ActiveCfg = Release|Any CPU
		{83211135-6FDC-4278-B499-7DF14746DA07}.x86 debug|Any CPU.Build.0 = Release|Any CPU
		{83211135-6FDC-4278-B499-7DF14746DA07}.x86 debug|Mixed Platforms.ActiveCfg = Release|Any CPU
		{83211135-6FDC-4278-B499-7DF14746DA07}.x86 debug|Mixed Platforms.Build.0 = Release|Any CPU
		{83211135-6FDC-4278-B499-7DF14746DA07}.x86 debug|x64.ActiveCfg = Release|Any CPU
		{83211135-6FDC-4278-B499-7DF14746DA07}.x86 debug|x64.Build.0 = Release|Any CPU
		{83211135-6FDC-4278-B499-7DF14746DA07}.x86 debug|x86.ActiveCfg = Release|Any CPU
		{83211135-6FDC-4278-B499-7DF14746DA07}.x86 debug|x86.Build.0 = Release|Any CPU
	EndGlobalSection
	GlobalSection(SolutionProperties) = preSolution
		HideSolutionNode = FALSE
	EndGlobalSection
	GlobalSection(NestedProjects) = preSolution
		{5B3804F8-F719-4C8D-9F0A-039AEDE2080A} = {2277A64E-5D70-44D2-8C7F-72F26D176568}
		{61F39925-38B8-4FA6-8C76-18C1ABEDF442} = {2277A64E-5D70-44D2-8C7F-72F26D176568}
		{8386DB52-3B96-4B57-A008-876C8722715D} = {2277A64E-5D70-44D2-8C7F-72F26D176568}
		{29831644-24FE-4310-96EC-E49D871B5352} = {5B3804F8-F719-4C8D-9F0A-039AEDE2080A}
		{B016B5AC-2839-4101-896D-36711F79A909} = {5B3804F8-F719-4C8D-9F0A-039AEDE2080A}
		{975FC56E-C853-4F8C-BE5C-6BF06FC5387B} = {61F39925-38B8-4FA6-8C76-18C1ABEDF442}
		{A4AA6E1A-DBC0-4A76-96CF-571BA00B0BC0} = {61F39925-38B8-4FA6-8C76-18C1ABEDF442}
		{2F93B7E8-0F89-4C1C-AF87-02030095DCD5} = {61F39925-38B8-4FA6-8C76-18C1ABEDF442}
		{CB32C81B-17DE-432C-B1F0-758FFDB0FC3B} = {61F39925-38B8-4FA6-8C76-18C1ABEDF442}
		{A576125E-4258-457D-8DC6-DE38F3361E78} = {82B11746-EC36-43B2-BDEB-249DF123A2EC}
		{F59F625F-BD42-4B29-902D-CBBDF15BA7CC} = {8378F9A1-D417-4488-8677-76B56BA8E38F}
		{9B599ED7-03BF-409A-B10B-E705C0794714} = {8378F9A1-D417-4488-8677-76B56BA8E38F}
		{EB8CAF4D-21CE-4B23-A3A6-931CB3B49054} = {7B7C6E46-B154-4E7C-9C96-3283A232541A}
		{8496BD4F-4362-4C52-BDE7-30BE7B094206} = {1747964E-58B6-47D6-A487-D20032FD1ECC}
		{F5725ECD-728C-48A3-810D-CEEE13F5F0F7} = {1747964E-58B6-47D6-A487-D20032FD1ECC}
		{7576373E-AC0E-41CD-BF31-915D237D6FFF} = {AB02F235-0DC1-4713-8327-E472161814D4}
		{214DEA97-D163-43A6-9B15-794E8239C238} = {AB02F235-0DC1-4713-8327-E472161814D4}
		{C66058B8-7B53-474F-A7DB-537503682FC7} = {F39F8F71-3191-4A60-A7C4-F51F6AE43D64}
		{5B4191D5-2B47-4CAC-9EA9-CCA27137C03D} = {F39F8F71-3191-4A60-A7C4-F51F6AE43D64}
		{2CC0D703-5AFD-4DCC-807C-D8BACAE4DCB6} = {1903831E-F1DF-43D7-8E29-663AF66427D0}
		{99B93EB7-4D9C-42B8-8FE8-AAC974539305} = {A02DBE82-46E2-4564-9C50-3391927EB441}
		{00E8AA36-C620-4EE0-81FF-8F0FE68951AC} = {A9ED500D-DBFD-4A71-90B2-F421470D3ADE}
		{715BB182-3663-422A-898C-5ED8423520BC} = {DAE819C8-399A-4360-905E-A46AF3B3E0C1}
		{C1D2EAAD-644F-42BB-9E23-C97ECD8FFA4B} = {7CA5818B-F476-4979-9408-2F57E900580E}
		{B886464C-C044-4B9C-A204-8A8F079A7B26} = {7CA5818B-F476-4979-9408-2F57E900580E}
		{8EB1F874-FAF5-49D1-AB99-8DAC7101E714} = {A9ED500D-DBFD-4A71-90B2-F421470D3ADE}
		{EA7608D3-6ECA-4AD9-A1BA-E5E01927B5A4} = {ED5D9FD9-9DB0-4892-BB77-59E5E5980B9F}
		{4B9571E6-7EF4-464C-AC1A-6B9222110A4F} = {ED5D9FD9-9DB0-4892-BB77-59E5E5980B9F}
		{36378B97-DE3D-48FC-9ADB-9E21E0AAF705} = {7B7C6E46-B154-4E7C-9C96-3283A232541A}
		{E6B54798-3F0A-4AF0-9244-E4F1AEB5C9E1} = {F99B0194-3467-43E3-828F-2D305155603E}
		{3CCC67A1-C73A-4EE1-AADD-63788AA550A4} = {D4CF0A9C-E637-409F-B69F-5D6DCC16CD7C}
		{8E21447D-12EF-408E-867C-03E6748A28CC} = {1903831E-F1DF-43D7-8E29-663AF66427D0}
		{B26A74BA-0C25-4D4E-93F3-7D4F35989A0A} = {1903831E-F1DF-43D7-8E29-663AF66427D0}
		{83211135-6FDC-4278-B499-7DF14746DA07} = {A9ED500D-DBFD-4A71-90B2-F421470D3ADE}
	EndGlobalSection
	GlobalSection(TestCaseManagementSettings) = postSolution
		CategoryFile = BLTools.vsmdi
	EndGlobalSection
EndGlobal
